// !$*UTF8*$!
{
	archiveVersion = 1;
	classes = {
	};
	objectVersion = 52;
	objects = {

/* Begin PBXBuildFile section */
		43C7B2F80E459CCCF0FD26CF /* Pods_Notissu_Today_Extension.framework in Frameworks */ = {isa = PBXBuildFile; fileRef = 3C3F7DC8F67539D51717B753 /* Pods_Notissu_Today_Extension.framework */; };
		531C931326F1D0A1001C73DD /* NoticesListViewController.swift in Sources */ = {isa = PBXBuildFile; fileRef = 531C931226F1D0A1001C73DD /* NoticesListViewController.swift */; };
		531C931526F1D115001C73DD /* NoticesListItemCell.swift in Sources */ = {isa = PBXBuildFile; fileRef = 531C931426F1D115001C73DD /* NoticesListItemCell.swift */; };
		531C931726F1D17D001C73DD /* NoticesListViewModel.swift in Sources */ = {isa = PBXBuildFile; fileRef = 531C931626F1D17D001C73DD /* NoticesListViewModel.swift */; };
		531C931A26F1D524001C73DD /* NoticesListItemViewModel.swift in Sources */ = {isa = PBXBuildFile; fileRef = 531C931926F1D524001C73DD /* NoticesListItemViewModel.swift */; };
		531C931F26F1F1AD001C73DD /* NewNoticeDetailViewModel.swift in Sources */ = {isa = PBXBuildFile; fileRef = 531C931E26F1F1AD001C73DD /* NewNoticeDetailViewModel.swift */; };
		531C932126F1F1B7001C73DD /* NewNoticeDetailViewController.swift in Sources */ = {isa = PBXBuildFile; fileRef = 531C932026F1F1B7001C73DD /* NewNoticeDetailViewController.swift */; };
		531C932426F31EA7001C73DD /* NoticeDetailAttachmentsListTableViewController.swift in Sources */ = {isa = PBXBuildFile; fileRef = 531C932326F31EA7001C73DD /* NoticeDetailAttachmentsListTableViewController.swift */; };
		531C932626F31EC3001C73DD /* NoticeDetailAttachemtnsListItemCell.swift in Sources */ = {isa = PBXBuildFile; fileRef = 531C932526F31EC3001C73DD /* NoticeDetailAttachemtnsListItemCell.swift */; };
		531C932926F32E49001C73DD /* YDSTableViewController.swift in Sources */ = {isa = PBXBuildFile; fileRef = 531C932826F32E49001C73DD /* YDSTableViewController.swift */; };
		531C932B26F32E57001C73DD /* YDSTableViewCell.swift in Sources */ = {isa = PBXBuildFile; fileRef = 531C932A26F32E57001C73DD /* YDSTableViewCell.swift */; };
		531C932D26F32EAD001C73DD /* UIViewController+Ext.swift in Sources */ = {isa = PBXBuildFile; fileRef = 531C932C26F32EAD001C73DD /* UIViewController+Ext.swift */; };
		531C933426F3A48C001C73DD /* NoticesSearchListViewController.swift in Sources */ = {isa = PBXBuildFile; fileRef = 531C933326F3A48C001C73DD /* NoticesSearchListViewController.swift */; };
		531C933626F47CC7001C73DD /* NoticesListTableViewController.swift in Sources */ = {isa = PBXBuildFile; fileRef = 531C933526F47CC7001C73DD /* NoticesListTableViewController.swift */; };
		531C933E26F5AE49001C73DD /* BaseNoticesListViewController.swift in Sources */ = {isa = PBXBuildFile; fileRef = 531C933D26F5AE49001C73DD /* BaseNoticesListViewController.swift */; };
		531C934026F5B549001C73DD /* ErrorView.swift in Sources */ = {isa = PBXBuildFile; fileRef = 531C933F26F5B548001C73DD /* ErrorView.swift */; };
		5363AE1726F6FDFA00371569 /* UIColor+Ext.swift in Sources */ = {isa = PBXBuildFile; fileRef = 5363AE1626F6FDFA00371569 /* UIColor+Ext.swift */; };
		B012285E26F9712800CA72BE /* NoticeSearchViewModel.swift in Sources */ = {isa = PBXBuildFile; fileRef = B012285D26F9712800CA72BE /* NoticeSearchViewModel.swift */; };
		B03BA5F025176295002010CE /* NotissuColorSet.xcassets in Resources */ = {isa = PBXBuildFile; fileRef = DE53D1552400F54B00AEFCE2 /* NotissuColorSet.xcassets */; };
		B07166B0269B15E300B49CF7 /* MainTabBarViewController.swift in Sources */ = {isa = PBXBuildFile; fileRef = B07166AF269B15E300B49CF7 /* MainTabBarViewController.swift */; };
		B07166B7269B171E00B49CF7 /* MainNavigationController.swift in Sources */ = {isa = PBXBuildFile; fileRef = B07166B6269B171E00B49CF7 /* MainNavigationController.swift */; };
		B07166B9269B175100B49CF7 /* MainUINavigationBar.swift in Sources */ = {isa = PBXBuildFile; fileRef = B07166B8269B175100B49CF7 /* MainUINavigationBar.swift */; };
		B07166BB269B17CF00B49CF7 /* UIImage+Ext.swift in Sources */ = {isa = PBXBuildFile; fileRef = B07166BA269B17CF00B49CF7 /* UIImage+Ext.swift */; };
		B07166BD269B180900B49CF7 /* NoticeListViewModel.swift in Sources */ = {isa = PBXBuildFile; fileRef = B07166BC269B180900B49CF7 /* NoticeListViewModel.swift */; };
		B07166C3269B185800B49CF7 /* MyNoticeViewController.swift in Sources */ = {isa = PBXBuildFile; fileRef = B07166C2269B185800B49CF7 /* MyNoticeViewController.swift */; };
		B07166C5269B187A00B49CF7 /* MyNoticeViewModel.swift in Sources */ = {isa = PBXBuildFile; fileRef = B07166C4269B187A00B49CF7 /* MyNoticeViewModel.swift */; };
		B07166C7269B18F700B49CF7 /* MajorListViewController.swift in Sources */ = {isa = PBXBuildFile; fileRef = B07166C6269B18F700B49CF7 /* MajorListViewController.swift */; };
		B07166C9269B190800B49CF7 /* MajorListViewModel.swift in Sources */ = {isa = PBXBuildFile; fileRef = B07166C8269B190800B49CF7 /* MajorListViewModel.swift */; };
		B07166CB269B193300B49CF7 /* NoticesViewController.swift in Sources */ = {isa = PBXBuildFile; fileRef = B07166CA269B193300B49CF7 /* NoticesViewController.swift */; };
		B07166CD269B194700B49CF7 /* NoticesViewModel.swift in Sources */ = {isa = PBXBuildFile; fileRef = B07166CC269B194700B49CF7 /* NoticesViewModel.swift */; };
		B07166D7269B1B6F00B49CF7 /* Dynamic.swift in Sources */ = {isa = PBXBuildFile; fileRef = B07166D6269B1B6F00B49CF7 /* Dynamic.swift */; };
		B07166DA269B1C3100B49CF7 /* NoticeFetchManager.swift in Sources */ = {isa = PBXBuildFile; fileRef = B07166D9269B1C3100B49CF7 /* NoticeFetchManager.swift */; };
		B07166DD269B1FB900B49CF7 /* MajorSection.swift in Sources */ = {isa = PBXBuildFile; fileRef = B07166DC269B1FB900B49CF7 /* MajorSection.swift */; };
		B0A130B626DE177F00BB1E28 /* MajorListCell.swift in Sources */ = {isa = PBXBuildFile; fileRef = B0A130B526DE177F00BB1E28 /* MajorListCell.swift */; };
		B0A130B726DE177F00BB1E28 /* MajorListCell.swift in Sources */ = {isa = PBXBuildFile; fileRef = B0A130B526DE177F00BB1E28 /* MajorListCell.swift */; };
		B0A130B926DE185A00BB1E28 /* Major.swift in Sources */ = {isa = PBXBuildFile; fileRef = B0A130B826DE185A00BB1E28 /* Major.swift */; };
		B0A130BA26DE185A00BB1E28 /* Major.swift in Sources */ = {isa = PBXBuildFile; fileRef = B0A130B826DE185A00BB1E28 /* Major.swift */; };
		B0A130BD26DE1CBA00BB1E28 /* TopContentView.swift in Sources */ = {isa = PBXBuildFile; fileRef = B0A130BC26DE1CBA00BB1E28 /* TopContentView.swift */; };
		B0A130BE26DE1CBA00BB1E28 /* TopContentView.swift in Sources */ = {isa = PBXBuildFile; fileRef = B0A130BC26DE1CBA00BB1E28 /* TopContentView.swift */; };
		B0A130C026DE1F7E00BB1E28 /* MajorListSectionHeaderView.swift in Sources */ = {isa = PBXBuildFile; fileRef = B0A130BF26DE1F7E00BB1E28 /* MajorListSectionHeaderView.swift */; };
		B0A130C126DE1F7E00BB1E28 /* MajorListSectionHeaderView.swift in Sources */ = {isa = PBXBuildFile; fileRef = B0A130BF26DE1F7E00BB1E28 /* MajorListSectionHeaderView.swift */; };
		B0A130C326DF4BA200BB1E28 /* NoticeParser.swift in Sources */ = {isa = PBXBuildFile; fileRef = B0A130C226DF4BA200BB1E28 /* NoticeParser.swift */; };
		B0A130C426DF4BA200BB1E28 /* NoticeParser.swift in Sources */ = {isa = PBXBuildFile; fileRef = B0A130C226DF4BA200BB1E28 /* NoticeParser.swift */; };
		B0A130C626DF4CA600BB1E28 /* Attachment.swift in Sources */ = {isa = PBXBuildFile; fileRef = B0A130C526DF4CA600BB1E28 /* Attachment.swift */; };
		B0A130C726DF4CA600BB1E28 /* Attachment.swift in Sources */ = {isa = PBXBuildFile; fileRef = B0A130C526DF4CA600BB1E28 /* Attachment.swift */; };
		B0A130C926E10E3100BB1E28 /* NoticeBaseModel.swift in Sources */ = {isa = PBXBuildFile; fileRef = B0A130C826E10E3100BB1E28 /* NoticeBaseModel.swift */; };
		B0A130CA26E10E3100BB1E28 /* NoticeBaseModel.swift in Sources */ = {isa = PBXBuildFile; fileRef = B0A130C826E10E3100BB1E28 /* NoticeBaseModel.swift */; };
		B0A130F126E118F900BB1E28 /* UIImage+Ext.swift in Sources */ = {isa = PBXBuildFile; fileRef = B07166BA269B17CF00B49CF7 /* UIImage+Ext.swift */; };
		B0A130F226E118F900BB1E28 /* Dynamic.swift in Sources */ = {isa = PBXBuildFile; fileRef = B07166D6269B1B6F00B49CF7 /* Dynamic.swift */; };
		B0A130F326E118F900BB1E28 /* NoticeURL.swift in Sources */ = {isa = PBXBuildFile; fileRef = DE501C482374FD250053055A /* NoticeURL.swift */; };
		B0A130F426E118F900BB1E28 /* String+FileType.swift in Sources */ = {isa = PBXBuildFile; fileRef = DE7E5DB024093555007F0DF2 /* String+FileType.swift */; };
		B0A130F526E118F900BB1E28 /* Encode+EUC-KR.swift in Sources */ = {isa = PBXBuildFile; fileRef = DE1772D2240F64F400A58A66 /* Encode+EUC-KR.swift */; };
		B0A130F626E118F900BB1E28 /* CoreDataUtil.swift in Sources */ = {isa = PBXBuildFile; fileRef = DE53D0B223F8EA4E00AEFCE2 /* CoreDataUtil.swift */; };
		B0A130F726E1190000BB1E28 /* ConfigSetting.swift in Sources */ = {isa = PBXBuildFile; fileRef = DE296154237195CD0074F24B /* ConfigSetting.swift */; };
		B0A130F826E1193900BB1E28 /* MajorModel.swift in Sources */ = {isa = PBXBuildFile; fileRef = B0B67AEA2400BB060027D038 /* MajorModel.swift */; };
		B0B67AEB2400BB060027D038 /* MajorModel.swift in Sources */ = {isa = PBXBuildFile; fileRef = B0B67AEA2400BB060027D038 /* MajorModel.swift */; };
		B0DC694026EDFF8100171D93 /* YDS in Frameworks */ = {isa = PBXBuildFile; productRef = B0DC693F26EDFF8100171D93 /* YDS */; };
		DE03E9CF2379B05D002AA5AE /* NoticeBusiness.swift in Sources */ = {isa = PBXBuildFile; fileRef = DE03E9CE2379B05D002AA5AE /* NoticeBusiness.swift */; };
		DE04186024021BCA00486BF3 /* NotissuResource.swift in Sources */ = {isa = PBXBuildFile; fileRef = DE04185F24021BCA00486BF3 /* NotissuResource.swift */; };
		DE04186124021BCA00486BF3 /* NotissuResource.swift in Sources */ = {isa = PBXBuildFile; fileRef = DE04185F24021BCA00486BF3 /* NotissuResource.swift */; };
		DE0418B12402412F00486BF3 /* GoogleService-Info.plist in Resources */ = {isa = PBXBuildFile; fileRef = DE0418B02402412E00486BF3 /* GoogleService-Info.plist */; };
		DE0418B22402412F00486BF3 /* GoogleService-Info.plist in Resources */ = {isa = PBXBuildFile; fileRef = DE0418B02402412E00486BF3 /* GoogleService-Info.plist */; };
		DE0F8F1823739C8A006A0B49 /* NoticeAttachmentCell.swift in Sources */ = {isa = PBXBuildFile; fileRef = DE0F8F1723739C8A006A0B49 /* NoticeAttachmentCell.swift */; };
		DE0F8F1A2373A222006A0B49 /* BaseViewController.swift in Sources */ = {isa = PBXBuildFile; fileRef = DE0F8F192373A222006A0B49 /* BaseViewController.swift */; };
		DE0F8F212373FDD7006A0B49 /* NoticeEngineering.swift in Sources */ = {isa = PBXBuildFile; fileRef = DE0F8F202373FDD7006A0B49 /* NoticeEngineering.swift */; };
		DE0F8F2323740041006A0B49 /* NoticeLaw.swift in Sources */ = {isa = PBXBuildFile; fileRef = DE0F8F2223740041006A0B49 /* NoticeLaw.swift */; };
		DE1772D3240F64F400A58A66 /* Encode+EUC-KR.swift in Sources */ = {isa = PBXBuildFile; fileRef = DE1772D2240F64F400A58A66 /* Encode+EUC-KR.swift */; };
		DE29613623703F4C0074F24B /* AppDelegate.swift in Sources */ = {isa = PBXBuildFile; fileRef = DE29613523703F4C0074F24B /* AppDelegate.swift */; };
		DE29613D23703F4C0074F24B /* Main.storyboard in Resources */ = {isa = PBXBuildFile; fileRef = DE29613B23703F4C0074F24B /* Main.storyboard */; };
		DE29613F23703F4D0074F24B /* Assets.xcassets in Resources */ = {isa = PBXBuildFile; fileRef = DE29613E23703F4D0074F24B /* Assets.xcassets */; };
		DE29614B2370FC720074F24B /* NoticeListViewController.swift in Sources */ = {isa = PBXBuildFile; fileRef = DE29614A2370FC720074F24B /* NoticeListViewController.swift */; };
		DE29614D2370FCB20074F24B /* NoticeListPresenter.swift in Sources */ = {isa = PBXBuildFile; fileRef = DE29614C2370FCB20074F24B /* NoticeListPresenter.swift */; };
		DE29614F2370FCD20074F24B /* NoticeListContract.swift in Sources */ = {isa = PBXBuildFile; fileRef = DE29614E2370FCD20074F24B /* NoticeListContract.swift */; };
		DE2961512370FD0A0074F24B /* NoticeListViewCell.swift in Sources */ = {isa = PBXBuildFile; fileRef = DE2961502370FD0A0074F24B /* NoticeListViewCell.swift */; };
		DE2961532370FF4E0074F24B /* Notice.swift in Sources */ = {isa = PBXBuildFile; fileRef = DE2961522370FF4E0074F24B /* Notice.swift */; };
		DE296155237195CD0074F24B /* ConfigSetting.swift in Sources */ = {isa = PBXBuildFile; fileRef = DE296154237195CD0074F24B /* ConfigSetting.swift */; };
		DE296157237198070074F24B /* NoticeIT.swift in Sources */ = {isa = PBXBuildFile; fileRef = DE296156237198070074F24B /* NoticeIT.swift */; };
		DE2961592371ADEE0074F24B /* NoticeDetailViewController.swift in Sources */ = {isa = PBXBuildFile; fileRef = DE2961582371ADEE0074F24B /* NoticeDetailViewController.swift */; };
		DE29615B237289D60074F24B /* NoticeDetailContract.swift in Sources */ = {isa = PBXBuildFile; fileRef = DE29615A237289D60074F24B /* NoticeDetailContract.swift */; };
		DE29615E23728A330074F24B /* NoticeDetailPresenter.swift in Sources */ = {isa = PBXBuildFile; fileRef = DE29615D23728A330074F24B /* NoticeDetailPresenter.swift */; };
		DE4B18EB241208E7007FD285 /* ModifyProfileViewController.swift in Sources */ = {isa = PBXBuildFile; fileRef = DE4B18EA241208E7007FD285 /* ModifyProfileViewController.swift */; };
		DE501C472374FC9D0053055A /* NoticeInmun.swift in Sources */ = {isa = PBXBuildFile; fileRef = DE501C462374FC9D0053055A /* NoticeInmun.swift */; };
		DE501C492374FD250053055A /* NoticeURL.swift in Sources */ = {isa = PBXBuildFile; fileRef = DE501C482374FD250053055A /* NoticeURL.swift */; };
		DE501C4B23750DCB0053055A /* notissu_anim.json in Resources */ = {isa = PBXBuildFile; fileRef = DE501C4A23750DCA0053055A /* notissu_anim.json */; };
		DE53D0B023F8E9B100AEFCE2 /* FavoriteNotice.xcdatamodeld in Sources */ = {isa = PBXBuildFile; fileRef = DE53D0AE23F8E9B100AEFCE2 /* FavoriteNotice.xcdatamodeld */; };
		DE53D0B123F8E9B100AEFCE2 /* FavoriteNotice.xcdatamodeld in Sources */ = {isa = PBXBuildFile; fileRef = DE53D0AE23F8E9B100AEFCE2 /* FavoriteNotice.xcdatamodeld */; };
		DE53D0B323F8EA4E00AEFCE2 /* CoreDataUtil.swift in Sources */ = {isa = PBXBuildFile; fileRef = DE53D0B223F8EA4E00AEFCE2 /* CoreDataUtil.swift */; };
		DE53D0B623F92B3600AEFCE2 /* TodayModel.swift in Sources */ = {isa = PBXBuildFile; fileRef = DE53D0B523F92B3600AEFCE2 /* TodayModel.swift */; };
		DE53D14B23FC21D300AEFCE2 /* BookmarkViewController.swift in Sources */ = {isa = PBXBuildFile; fileRef = DE53D14A23FC21D300AEFCE2 /* BookmarkViewController.swift */; };
		DE53D14D23FC21DB00AEFCE2 /* BookmarkContract.swift in Sources */ = {isa = PBXBuildFile; fileRef = DE53D14C23FC21DB00AEFCE2 /* BookmarkContract.swift */; };
		DE53D14F23FC21E400AEFCE2 /* BookmarkPresenter.swift in Sources */ = {isa = PBXBuildFile; fileRef = DE53D14E23FC21E400AEFCE2 /* BookmarkPresenter.swift */; };
		DE53D15123FC21ED00AEFCE2 /* BookmarkModel.swift in Sources */ = {isa = PBXBuildFile; fileRef = DE53D15023FC21ED00AEFCE2 /* BookmarkModel.swift */; };
		DE53D1542400142000AEFCE2 /* TodayExtensionColor.xcassets in Resources */ = {isa = PBXBuildFile; fileRef = DEBE387223F578C6006F51AB /* TodayExtensionColor.xcassets */; };
		DE53D1562400F54B00AEFCE2 /* NotissuColorSet.xcassets in Resources */ = {isa = PBXBuildFile; fileRef = DE53D1552400F54B00AEFCE2 /* NotissuColorSet.xcassets */; };
		DE5542402377CC31004E01EB /* NoticeNaturalScience.swift in Sources */ = {isa = PBXBuildFile; fileRef = DE55423F2377CC31004E01EB /* NoticeNaturalScience.swift */; };
		DE5542422377D993004E01EB /* StartViewController.swift in Sources */ = {isa = PBXBuildFile; fileRef = DE5542412377D993004E01EB /* StartViewController.swift */; };
		DE5542442377E076004E01EB /* HomeSwticher.swift in Sources */ = {isa = PBXBuildFile; fileRef = DE5542432377E076004E01EB /* HomeSwticher.swift */; };
		DE55424623784879004E01EB /* UpdateCheckController.swift in Sources */ = {isa = PBXBuildFile; fileRef = DE55424523784879004E01EB /* UpdateCheckController.swift */; };
		DE55424B2379340A004E01EB /* MoreViewController.swift in Sources */ = {isa = PBXBuildFile; fileRef = DE55424A2379340A004E01EB /* MoreViewController.swift */; };
		DE64BE8523DD253C00DF46C5 /* NotificationCenter.framework in Frameworks */ = {isa = PBXBuildFile; fileRef = DE64BE8423DD253C00DF46C5 /* NotificationCenter.framework */; };
		DE64BE8823DD253C00DF46C5 /* TodayViewController.swift in Sources */ = {isa = PBXBuildFile; fileRef = DE64BE8723DD253C00DF46C5 /* TodayViewController.swift */; };
		DE64BE8B23DD253C00DF46C5 /* MainInterface.storyboard in Resources */ = {isa = PBXBuildFile; fileRef = DE64BE8923DD253C00DF46C5 /* MainInterface.storyboard */; };
		DE64BE8F23DD253C00DF46C5 /* Notissu Today Extension.appex in Embed App Extensions */ = {isa = PBXBuildFile; fileRef = DE64BE8323DD253C00DF46C5 /* Notissu Today Extension.appex */; settings = {ATTRIBUTES = (RemoveHeadersOnCopy, ); }; };
		DE72017B237A76DE00F60CEB /* NoticeConvergence.swift in Sources */ = {isa = PBXBuildFile; fileRef = DE72017A237A76DE00F60CEB /* NoticeConvergence.swift */; };
		DE72017F237A871B00F60CEB /* Launch Screen.storyboard in Resources */ = {isa = PBXBuildFile; fileRef = DE72017E237A871B00F60CEB /* Launch Screen.storyboard */; };
		DE7496B123DC008C00000849 /* SearchPresenter.swift in Sources */ = {isa = PBXBuildFile; fileRef = DE7496B023DC008C00000849 /* SearchPresenter.swift */; };
		DE7496B323DC009500000849 /* SearchContract.swift in Sources */ = {isa = PBXBuildFile; fileRef = DE7496B223DC009500000849 /* SearchContract.swift */; };
		DE7496B523DC00D400000849 /* SearchModel.swift in Sources */ = {isa = PBXBuildFile; fileRef = DE7496B423DC00D400000849 /* SearchModel.swift */; };
		DE75F91424064F2E00510E78 /* VersionInfoView.swift in Sources */ = {isa = PBXBuildFile; fileRef = DE75F91324064F2E00510E78 /* VersionInfoView.swift */; };
		DE75F916240651BC00510E78 /* VersionInfoView.xib in Resources */ = {isa = PBXBuildFile; fileRef = DE75F915240651BC00510E78 /* VersionInfoView.xib */; };
		DE7E5DB124093555007F0DF2 /* String+FileType.swift in Sources */ = {isa = PBXBuildFile; fileRef = DE7E5DB024093555007F0DF2 /* String+FileType.swift */; };
		DE7E5DB324093779007F0DF2 /* FileTypeIcon.xcassets in Resources */ = {isa = PBXBuildFile; fileRef = DE7E5DB224093779007F0DF2 /* FileTypeIcon.xcassets */; };
		DE7E5DB42409377D007F0DF2 /* FileTypeIcon.xcassets in Resources */ = {isa = PBXBuildFile; fileRef = DE7E5DB224093779007F0DF2 /* FileTypeIcon.xcassets */; };
		DE85B92E23DD29CE001FB35C /* NoticeIT.swift in Sources */ = {isa = PBXBuildFile; fileRef = DE296156237198070074F24B /* NoticeIT.swift */; };
		DE85B92F23DD29CE001FB35C /* NoticeEngineering.swift in Sources */ = {isa = PBXBuildFile; fileRef = DE0F8F202373FDD7006A0B49 /* NoticeEngineering.swift */; };
		DE85B93023DD29CE001FB35C /* NoticeLaw.swift in Sources */ = {isa = PBXBuildFile; fileRef = DE0F8F2223740041006A0B49 /* NoticeLaw.swift */; };
		DE85B93123DD29CE001FB35C /* NoticeInmun.swift in Sources */ = {isa = PBXBuildFile; fileRef = DE501C462374FC9D0053055A /* NoticeInmun.swift */; };
		DE85B93223DD29CE001FB35C /* NoticeNaturalScience.swift in Sources */ = {isa = PBXBuildFile; fileRef = DE55423F2377CC31004E01EB /* NoticeNaturalScience.swift */; };
		DE85B93323DD29CE001FB35C /* NoticeBusiness.swift in Sources */ = {isa = PBXBuildFile; fileRef = DE03E9CE2379B05D002AA5AE /* NoticeBusiness.swift */; };
		DE85B93423DD29CE001FB35C /* NoticeEconomy.swift in Sources */ = {isa = PBXBuildFile; fileRef = DE8C73832379BB2E008F2FE1 /* NoticeEconomy.swift */; };
		DE85B93523DD29CE001FB35C /* NoticeSocial.swift in Sources */ = {isa = PBXBuildFile; fileRef = DE8C73852379BDF6008F2FE1 /* NoticeSocial.swift */; };
		DE85B93623DD29CE001FB35C /* NoticeConvergence.swift in Sources */ = {isa = PBXBuildFile; fileRef = DE72017A237A76DE00F60CEB /* NoticeConvergence.swift */; };
		DE85B93723DD29CE001FB35C /* NoticeSoongsil.swift in Sources */ = {isa = PBXBuildFile; fileRef = DEF56D7D238425D7003CA0F0 /* NoticeSoongsil.swift */; };
		DE85B93A23DD2AF2001FB35C /* Notice.swift in Sources */ = {isa = PBXBuildFile; fileRef = DE2961522370FF4E0074F24B /* Notice.swift */; };
		DE85B93D23DD3001001FB35C /* TodayPresenter.swift in Sources */ = {isa = PBXBuildFile; fileRef = DE85B93C23DD3001001FB35C /* TodayPresenter.swift */; };
		DE85B93F23DD300A001FB35C /* TodayContract.swift in Sources */ = {isa = PBXBuildFile; fileRef = DE85B93E23DD300A001FB35C /* TodayContract.swift */; };
		DE8C73842379BB2E008F2FE1 /* NoticeEconomy.swift in Sources */ = {isa = PBXBuildFile; fileRef = DE8C73832379BB2E008F2FE1 /* NoticeEconomy.swift */; };
		DE8C73862379BDF6008F2FE1 /* NoticeSocial.swift in Sources */ = {isa = PBXBuildFile; fileRef = DE8C73852379BDF6008F2FE1 /* NoticeSocial.swift */; };
		DEBB714E23744AC700C38812 /* Pods_SoongsilNotice.framework in Frameworks */ = {isa = PBXBuildFile; fileRef = 57296D4BD235F1B361E7E590 /* Pods_SoongsilNotice.framework */; };
		DEBB715123744AC800C38812 /* WebKit.framework in Frameworks */ = {isa = PBXBuildFile; fileRef = DEBB714C23744AC400C38812 /* WebKit.framework */; };
		DEBE386B23EFEFC2006F51AB /* WidgetNoticeView.swift in Sources */ = {isa = PBXBuildFile; fileRef = DEBE386A23EFEFC2006F51AB /* WidgetNoticeView.swift */; };
		DEBE387123EFF09A006F51AB /* WidgetNoticeView.xib in Resources */ = {isa = PBXBuildFile; fileRef = DEBE387023EFF09A006F51AB /* WidgetNoticeView.xib */; };
		DEBE387323F578C6006F51AB /* TodayExtensionColor.xcassets in Resources */ = {isa = PBXBuildFile; fileRef = DEBE387223F578C6006F51AB /* TodayExtensionColor.xcassets */; };
		DEBFDC43237E31A3003888D9 /* MoreTableCell.swift in Sources */ = {isa = PBXBuildFile; fileRef = DEBFDC42237E31A3003888D9 /* MoreTableCell.swift */; };
		DEBFDC45237E391C003888D9 /* OpenSourceViewController.swift in Sources */ = {isa = PBXBuildFile; fileRef = DEBFDC44237E391C003888D9 /* OpenSourceViewController.swift */; };
		DEBFDC47237E3950003888D9 /* OpenSourceTableViewCell.swift in Sources */ = {isa = PBXBuildFile; fileRef = DEBFDC46237E3950003888D9 /* OpenSourceTableViewCell.swift */; };
		DEC1684A23F7A1FF00DE2D84 /* NotissuProperty.swift in Sources */ = {isa = PBXBuildFile; fileRef = DEC1684923F7A1FF00DE2D84 /* NotissuProperty.swift */; };
		DEC1684B23F7A3B900DE2D84 /* Assets.xcassets in Resources */ = {isa = PBXBuildFile; fileRef = DE29613E23703F4D0074F24B /* Assets.xcassets */; };
		DEC1684C23F7A84500DE2D84 /* NotissuProperty.swift in Sources */ = {isa = PBXBuildFile; fileRef = DEC1684923F7A1FF00DE2D84 /* NotissuProperty.swift */; };
		DEF56D7523837778003CA0F0 /* NoticeSearchViewController.swift in Sources */ = {isa = PBXBuildFile; fileRef = DEF56D7423837778003CA0F0 /* NoticeSearchViewController.swift */; };
		DEF56D782383BF05003CA0F0 /* SchoolViewController.swift in Sources */ = {isa = PBXBuildFile; fileRef = DEF56D772383BF05003CA0F0 /* SchoolViewController.swift */; };
		DEF56D7A2383BF81003CA0F0 /* SchoolPresenter.swift in Sources */ = {isa = PBXBuildFile; fileRef = DEF56D792383BF81003CA0F0 /* SchoolPresenter.swift */; };
		DEF56D7C2383C002003CA0F0 /* SchoolContract.swift in Sources */ = {isa = PBXBuildFile; fileRef = DEF56D7B2383C002003CA0F0 /* SchoolContract.swift */; };
		DEF56D7E238425D7003CA0F0 /* NoticeSoongsil.swift in Sources */ = {isa = PBXBuildFile; fileRef = DEF56D7D238425D7003CA0F0 /* NoticeSoongsil.swift */; };
		DEF56D8E2384DB1C003CA0F0 /* manual1.png in Resources */ = {isa = PBXBuildFile; fileRef = DEF56D8A2384DB1B003CA0F0 /* manual1.png */; };
		DEF56D8F2384DB1C003CA0F0 /* manual3.png in Resources */ = {isa = PBXBuildFile; fileRef = DEF56D8B2384DB1B003CA0F0 /* manual3.png */; };
		DEF56D902384DB1C003CA0F0 /* manual2.png in Resources */ = {isa = PBXBuildFile; fileRef = DEF56D8C2384DB1B003CA0F0 /* manual2.png */; };
		DEF56D912384DB1C003CA0F0 /* manual0.png in Resources */ = {isa = PBXBuildFile; fileRef = DEF56D8D2384DB1B003CA0F0 /* manual0.png */; };
/* End PBXBuildFile section */

/* Begin PBXContainerItemProxy section */
		DE64BE8D23DD253C00DF46C5 /* PBXContainerItemProxy */ = {
			isa = PBXContainerItemProxy;
			containerPortal = DE29612A23703F4C0074F24B /* Project object */;
			proxyType = 1;
			remoteGlobalIDString = DE64BE8223DD253C00DF46C5;
			remoteInfo = "Notissu Today Extension";
		};
/* End PBXContainerItemProxy section */

/* Begin PBXCopyFilesBuildPhase section */
		DE64BE9023DD253C00DF46C5 /* Embed App Extensions */ = {
			isa = PBXCopyFilesBuildPhase;
			buildActionMask = 2147483647;
			dstPath = "";
			dstSubfolderSpec = 13;
			files = (
				DE64BE8F23DD253C00DF46C5 /* Notissu Today Extension.appex in Embed App Extensions */,
			);
			name = "Embed App Extensions";
			runOnlyForDeploymentPostprocessing = 0;
		};
		DEE38C94240CAC9300DA5A10 /* Embed Watch Content */ = {
			isa = PBXCopyFilesBuildPhase;
			buildActionMask = 2147483647;
			dstPath = "$(CONTENTS_FOLDER_PATH)/Watch";
			dstSubfolderSpec = 16;
			files = (
			);
			name = "Embed Watch Content";
			runOnlyForDeploymentPostprocessing = 0;
		};
/* End PBXCopyFilesBuildPhase section */

/* Begin PBXFileReference section */
		0F93DEDDE3DAB2EFE758C5D6 /* Pods-Notissu-Watch Extension.release.xcconfig */ = {isa = PBXFileReference; includeInIndex = 1; lastKnownFileType = text.xcconfig; name = "Pods-Notissu-Watch Extension.release.xcconfig"; path = "Target Support Files/Pods-Notissu-Watch Extension/Pods-Notissu-Watch Extension.release.xcconfig"; sourceTree = "<group>"; };
		10D362999ACAF386EBEE89E5 /* Pods-SoongsilNotice.debug.xcconfig */ = {isa = PBXFileReference; includeInIndex = 1; lastKnownFileType = text.xcconfig; name = "Pods-SoongsilNotice.debug.xcconfig"; path = "Target Support Files/Pods-SoongsilNotice/Pods-SoongsilNotice.debug.xcconfig"; sourceTree = "<group>"; };
		3C3F7DC8F67539D51717B753 /* Pods_Notissu_Today_Extension.framework */ = {isa = PBXFileReference; explicitFileType = wrapper.framework; includeInIndex = 0; path = Pods_Notissu_Today_Extension.framework; sourceTree = BUILT_PRODUCTS_DIR; };
		43AE74AC12E92E07EEB58FD4 /* libPods-Notissu-Watch Extension.a */ = {isa = PBXFileReference; explicitFileType = archive.ar; includeInIndex = 0; path = "libPods-Notissu-Watch Extension.a"; sourceTree = BUILT_PRODUCTS_DIR; };
		4535F29D71ABF781F832B319 /* Pods-Notissu Today Extension.debug.xcconfig */ = {isa = PBXFileReference; includeInIndex = 1; lastKnownFileType = text.xcconfig; name = "Pods-Notissu Today Extension.debug.xcconfig"; path = "Target Support Files/Pods-Notissu Today Extension/Pods-Notissu Today Extension.debug.xcconfig"; sourceTree = "<group>"; };
		5109B6F37C7101EEB67D7049 /* Pods-SoongsilNotice.release.xcconfig */ = {isa = PBXFileReference; includeInIndex = 1; lastKnownFileType = text.xcconfig; name = "Pods-SoongsilNotice.release.xcconfig"; path = "Target Support Files/Pods-SoongsilNotice/Pods-SoongsilNotice.release.xcconfig"; sourceTree = "<group>"; };
		531C931226F1D0A1001C73DD /* NoticesListViewController.swift */ = {isa = PBXFileReference; lastKnownFileType = sourcecode.swift; path = NoticesListViewController.swift; sourceTree = "<group>"; };
		531C931426F1D115001C73DD /* NoticesListItemCell.swift */ = {isa = PBXFileReference; lastKnownFileType = sourcecode.swift; path = NoticesListItemCell.swift; sourceTree = "<group>"; };
		531C931626F1D17D001C73DD /* NoticesListViewModel.swift */ = {isa = PBXFileReference; lastKnownFileType = sourcecode.swift; path = NoticesListViewModel.swift; sourceTree = "<group>"; };
		531C931926F1D524001C73DD /* NoticesListItemViewModel.swift */ = {isa = PBXFileReference; lastKnownFileType = sourcecode.swift; path = NoticesListItemViewModel.swift; sourceTree = "<group>"; };
		531C931E26F1F1AD001C73DD /* NewNoticeDetailViewModel.swift */ = {isa = PBXFileReference; lastKnownFileType = sourcecode.swift; path = NewNoticeDetailViewModel.swift; sourceTree = "<group>"; };
		531C932026F1F1B7001C73DD /* NewNoticeDetailViewController.swift */ = {isa = PBXFileReference; lastKnownFileType = sourcecode.swift; path = NewNoticeDetailViewController.swift; sourceTree = "<group>"; };
		531C932326F31EA7001C73DD /* NoticeDetailAttachmentsListTableViewController.swift */ = {isa = PBXFileReference; lastKnownFileType = sourcecode.swift; path = NoticeDetailAttachmentsListTableViewController.swift; sourceTree = "<group>"; };
		531C932526F31EC3001C73DD /* NoticeDetailAttachemtnsListItemCell.swift */ = {isa = PBXFileReference; lastKnownFileType = sourcecode.swift; path = NoticeDetailAttachemtnsListItemCell.swift; sourceTree = "<group>"; };
		531C932826F32E49001C73DD /* YDSTableViewController.swift */ = {isa = PBXFileReference; lastKnownFileType = sourcecode.swift; path = YDSTableViewController.swift; sourceTree = "<group>"; };
		531C932A26F32E57001C73DD /* YDSTableViewCell.swift */ = {isa = PBXFileReference; lastKnownFileType = sourcecode.swift; path = YDSTableViewCell.swift; sourceTree = "<group>"; };
		531C932C26F32EAD001C73DD /* UIViewController+Ext.swift */ = {isa = PBXFileReference; lastKnownFileType = sourcecode.swift; path = "UIViewController+Ext.swift"; sourceTree = "<group>"; };
		531C933326F3A48C001C73DD /* NoticesSearchListViewController.swift */ = {isa = PBXFileReference; lastKnownFileType = sourcecode.swift; path = NoticesSearchListViewController.swift; sourceTree = "<group>"; };
		531C933526F47CC7001C73DD /* NoticesListTableViewController.swift */ = {isa = PBXFileReference; lastKnownFileType = sourcecode.swift; path = NoticesListTableViewController.swift; sourceTree = "<group>"; };
		531C933D26F5AE49001C73DD /* BaseNoticesListViewController.swift */ = {isa = PBXFileReference; lastKnownFileType = sourcecode.swift; path = BaseNoticesListViewController.swift; sourceTree = "<group>"; };
		531C933F26F5B548001C73DD /* ErrorView.swift */ = {isa = PBXFileReference; lastKnownFileType = sourcecode.swift; path = ErrorView.swift; sourceTree = "<group>"; };
		5363AE1626F6FDFA00371569 /* UIColor+Ext.swift */ = {isa = PBXFileReference; lastKnownFileType = sourcecode.swift; path = "UIColor+Ext.swift"; sourceTree = "<group>"; };
		550CAE3A9D2DBDE403D9BE3F /* Pods-Notissu Today Extension.release.xcconfig */ = {isa = PBXFileReference; includeInIndex = 1; lastKnownFileType = text.xcconfig; name = "Pods-Notissu Today Extension.release.xcconfig"; path = "Target Support Files/Pods-Notissu Today Extension/Pods-Notissu Today Extension.release.xcconfig"; sourceTree = "<group>"; };
		57296D4BD235F1B361E7E590 /* Pods_SoongsilNotice.framework */ = {isa = PBXFileReference; explicitFileType = wrapper.framework; includeInIndex = 0; path = Pods_SoongsilNotice.framework; sourceTree = BUILT_PRODUCTS_DIR; };
		90414B9DF20CF22441FFF574 /* Pods-SoongsilNotice-Notissu-Watch Extension.debug.xcconfig */ = {isa = PBXFileReference; includeInIndex = 1; lastKnownFileType = text.xcconfig; name = "Pods-SoongsilNotice-Notissu-Watch Extension.debug.xcconfig"; path = "Target Support Files/Pods-SoongsilNotice-Notissu-Watch Extension/Pods-SoongsilNotice-Notissu-Watch Extension.debug.xcconfig"; sourceTree = "<group>"; };
		B012285D26F9712800CA72BE /* NoticeSearchViewModel.swift */ = {isa = PBXFileReference; lastKnownFileType = sourcecode.swift; path = NoticeSearchViewModel.swift; sourceTree = "<group>"; };
		B04D10072514BADA000BEBE4 /* WidgetKit.framework */ = {isa = PBXFileReference; lastKnownFileType = wrapper.framework; name = WidgetKit.framework; path = System/Library/Frameworks/WidgetKit.framework; sourceTree = SDKROOT; };
		B04D10092514BADA000BEBE4 /* SwiftUI.framework */ = {isa = PBXFileReference; lastKnownFileType = wrapper.framework; name = SwiftUI.framework; path = System/Library/Frameworks/SwiftUI.framework; sourceTree = SDKROOT; };
		B07166AF269B15E300B49CF7 /* MainTabBarViewController.swift */ = {isa = PBXFileReference; lastKnownFileType = sourcecode.swift; path = MainTabBarViewController.swift; sourceTree = "<group>"; };
		B07166B6269B171E00B49CF7 /* MainNavigationController.swift */ = {isa = PBXFileReference; lastKnownFileType = sourcecode.swift; path = MainNavigationController.swift; sourceTree = "<group>"; };
		B07166B8269B175100B49CF7 /* MainUINavigationBar.swift */ = {isa = PBXFileReference; lastKnownFileType = sourcecode.swift; path = MainUINavigationBar.swift; sourceTree = "<group>"; };
		B07166BA269B17CF00B49CF7 /* UIImage+Ext.swift */ = {isa = PBXFileReference; lastKnownFileType = sourcecode.swift; path = "UIImage+Ext.swift"; sourceTree = "<group>"; };
		B07166BC269B180900B49CF7 /* NoticeListViewModel.swift */ = {isa = PBXFileReference; lastKnownFileType = sourcecode.swift; path = NoticeListViewModel.swift; sourceTree = "<group>"; };
		B07166C2269B185800B49CF7 /* MyNoticeViewController.swift */ = {isa = PBXFileReference; lastKnownFileType = sourcecode.swift; path = MyNoticeViewController.swift; sourceTree = "<group>"; };
		B07166C4269B187A00B49CF7 /* MyNoticeViewModel.swift */ = {isa = PBXFileReference; lastKnownFileType = sourcecode.swift; path = MyNoticeViewModel.swift; sourceTree = "<group>"; };
		B07166C6269B18F700B49CF7 /* MajorListViewController.swift */ = {isa = PBXFileReference; lastKnownFileType = sourcecode.swift; path = MajorListViewController.swift; sourceTree = "<group>"; };
		B07166C8269B190800B49CF7 /* MajorListViewModel.swift */ = {isa = PBXFileReference; lastKnownFileType = sourcecode.swift; path = MajorListViewModel.swift; sourceTree = "<group>"; };
		B07166CA269B193300B49CF7 /* NoticesViewController.swift */ = {isa = PBXFileReference; lastKnownFileType = sourcecode.swift; path = NoticesViewController.swift; sourceTree = "<group>"; };
		B07166CC269B194700B49CF7 /* NoticesViewModel.swift */ = {isa = PBXFileReference; lastKnownFileType = sourcecode.swift; path = NoticesViewModel.swift; sourceTree = "<group>"; };
		B07166D6269B1B6F00B49CF7 /* Dynamic.swift */ = {isa = PBXFileReference; lastKnownFileType = sourcecode.swift; path = Dynamic.swift; sourceTree = "<group>"; };
		B07166D9269B1C3100B49CF7 /* NoticeFetchManager.swift */ = {isa = PBXFileReference; lastKnownFileType = sourcecode.swift; path = NoticeFetchManager.swift; sourceTree = "<group>"; };
		B07166DC269B1FB900B49CF7 /* MajorSection.swift */ = {isa = PBXFileReference; lastKnownFileType = sourcecode.swift; path = MajorSection.swift; sourceTree = "<group>"; };
		B0A130B526DE177F00BB1E28 /* MajorListCell.swift */ = {isa = PBXFileReference; lastKnownFileType = sourcecode.swift; path = MajorListCell.swift; sourceTree = "<group>"; };
		B0A130B826DE185A00BB1E28 /* Major.swift */ = {isa = PBXFileReference; lastKnownFileType = sourcecode.swift; path = Major.swift; sourceTree = "<group>"; };
		B0A130BC26DE1CBA00BB1E28 /* TopContentView.swift */ = {isa = PBXFileReference; lastKnownFileType = sourcecode.swift; path = TopContentView.swift; sourceTree = "<group>"; };
		B0A130BF26DE1F7E00BB1E28 /* MajorListSectionHeaderView.swift */ = {isa = PBXFileReference; lastKnownFileType = sourcecode.swift; path = MajorListSectionHeaderView.swift; sourceTree = "<group>"; };
		B0A130C226DF4BA200BB1E28 /* NoticeParser.swift */ = {isa = PBXFileReference; lastKnownFileType = sourcecode.swift; path = NoticeParser.swift; sourceTree = "<group>"; };
		B0A130C526DF4CA600BB1E28 /* Attachment.swift */ = {isa = PBXFileReference; lastKnownFileType = sourcecode.swift; path = Attachment.swift; sourceTree = "<group>"; };
		B0A130C826E10E3100BB1E28 /* NoticeBaseModel.swift */ = {isa = PBXFileReference; lastKnownFileType = sourcecode.swift; path = NoticeBaseModel.swift; sourceTree = "<group>"; };
		B0B67AEA2400BB060027D038 /* MajorModel.swift */ = {isa = PBXFileReference; lastKnownFileType = sourcecode.swift; path = MajorModel.swift; sourceTree = "<group>"; };
		D7D51A6E1417CF69431DF616 /* Pods-Notissu-Watch Extension.debug.xcconfig */ = {isa = PBXFileReference; includeInIndex = 1; lastKnownFileType = text.xcconfig; name = "Pods-Notissu-Watch Extension.debug.xcconfig"; path = "Target Support Files/Pods-Notissu-Watch Extension/Pods-Notissu-Watch Extension.debug.xcconfig"; sourceTree = "<group>"; };
		DE03E9CE2379B05D002AA5AE /* NoticeBusiness.swift */ = {isa = PBXFileReference; lastKnownFileType = sourcecode.swift; path = NoticeBusiness.swift; sourceTree = "<group>"; };
		DE04185F24021BCA00486BF3 /* NotissuResource.swift */ = {isa = PBXFileReference; lastKnownFileType = sourcecode.swift; path = NotissuResource.swift; sourceTree = "<group>"; };
		DE0418B02402412E00486BF3 /* GoogleService-Info.plist */ = {isa = PBXFileReference; fileEncoding = 4; lastKnownFileType = text.plist.xml; path = "GoogleService-Info.plist"; sourceTree = "<group>"; };
		DE0F8F1723739C8A006A0B49 /* NoticeAttachmentCell.swift */ = {isa = PBXFileReference; lastKnownFileType = sourcecode.swift; path = NoticeAttachmentCell.swift; sourceTree = "<group>"; };
		DE0F8F192373A222006A0B49 /* BaseViewController.swift */ = {isa = PBXFileReference; lastKnownFileType = sourcecode.swift; path = BaseViewController.swift; sourceTree = "<group>"; };
		DE0F8F202373FDD7006A0B49 /* NoticeEngineering.swift */ = {isa = PBXFileReference; lastKnownFileType = sourcecode.swift; path = NoticeEngineering.swift; sourceTree = "<group>"; };
		DE0F8F2223740041006A0B49 /* NoticeLaw.swift */ = {isa = PBXFileReference; lastKnownFileType = sourcecode.swift; path = NoticeLaw.swift; sourceTree = "<group>"; };
		DE1772D2240F64F400A58A66 /* Encode+EUC-KR.swift */ = {isa = PBXFileReference; lastKnownFileType = sourcecode.swift; path = "Encode+EUC-KR.swift"; sourceTree = "<group>"; };
		DE29613223703F4C0074F24B /* Notissu.app */ = {isa = PBXFileReference; explicitFileType = wrapper.application; includeInIndex = 0; path = Notissu.app; sourceTree = BUILT_PRODUCTS_DIR; };
		DE29613523703F4C0074F24B /* AppDelegate.swift */ = {isa = PBXFileReference; lastKnownFileType = sourcecode.swift; path = AppDelegate.swift; sourceTree = "<group>"; };
		DE29613C23703F4C0074F24B /* Base */ = {isa = PBXFileReference; lastKnownFileType = file.storyboard; name = Base; path = Base.lproj/Main.storyboard; sourceTree = "<group>"; };
		DE29613E23703F4D0074F24B /* Assets.xcassets */ = {isa = PBXFileReference; lastKnownFileType = folder.assetcatalog; path = Assets.xcassets; sourceTree = "<group>"; };
		DE29614323703F4D0074F24B /* Info.plist */ = {isa = PBXFileReference; lastKnownFileType = text.plist.xml; path = Info.plist; sourceTree = "<group>"; };
		DE29614A2370FC720074F24B /* NoticeListViewController.swift */ = {isa = PBXFileReference; lastKnownFileType = sourcecode.swift; path = NoticeListViewController.swift; sourceTree = "<group>"; };
		DE29614C2370FCB20074F24B /* NoticeListPresenter.swift */ = {isa = PBXFileReference; lastKnownFileType = sourcecode.swift; path = NoticeListPresenter.swift; sourceTree = "<group>"; };
		DE29614E2370FCD20074F24B /* NoticeListContract.swift */ = {isa = PBXFileReference; lastKnownFileType = sourcecode.swift; path = NoticeListContract.swift; sourceTree = "<group>"; };
		DE2961502370FD0A0074F24B /* NoticeListViewCell.swift */ = {isa = PBXFileReference; lastKnownFileType = sourcecode.swift; path = NoticeListViewCell.swift; sourceTree = "<group>"; };
		DE2961522370FF4E0074F24B /* Notice.swift */ = {isa = PBXFileReference; lastKnownFileType = sourcecode.swift; path = Notice.swift; sourceTree = "<group>"; };
		DE296154237195CD0074F24B /* ConfigSetting.swift */ = {isa = PBXFileReference; lastKnownFileType = sourcecode.swift; path = ConfigSetting.swift; sourceTree = "<group>"; };
		DE296156237198070074F24B /* NoticeIT.swift */ = {isa = PBXFileReference; lastKnownFileType = sourcecode.swift; path = NoticeIT.swift; sourceTree = "<group>"; };
		DE2961582371ADEE0074F24B /* NoticeDetailViewController.swift */ = {isa = PBXFileReference; lastKnownFileType = sourcecode.swift; path = NoticeDetailViewController.swift; sourceTree = "<group>"; };
		DE29615A237289D60074F24B /* NoticeDetailContract.swift */ = {isa = PBXFileReference; lastKnownFileType = sourcecode.swift; path = NoticeDetailContract.swift; sourceTree = "<group>"; };
		DE29615D23728A330074F24B /* NoticeDetailPresenter.swift */ = {isa = PBXFileReference; lastKnownFileType = sourcecode.swift; path = NoticeDetailPresenter.swift; sourceTree = "<group>"; };
		DE4B18EA241208E7007FD285 /* ModifyProfileViewController.swift */ = {isa = PBXFileReference; lastKnownFileType = sourcecode.swift; path = ModifyProfileViewController.swift; sourceTree = "<group>"; };
		DE501C462374FC9D0053055A /* NoticeInmun.swift */ = {isa = PBXFileReference; lastKnownFileType = sourcecode.swift; path = NoticeInmun.swift; sourceTree = "<group>"; };
		DE501C482374FD250053055A /* NoticeURL.swift */ = {isa = PBXFileReference; lastKnownFileType = sourcecode.swift; path = NoticeURL.swift; sourceTree = "<group>"; };
		DE501C4A23750DCA0053055A /* notissu_anim.json */ = {isa = PBXFileReference; fileEncoding = 4; lastKnownFileType = text.json; path = notissu_anim.json; sourceTree = SOURCE_ROOT; };
		DE53D0AF23F8E9B100AEFCE2 /* FavoriteNotice.xcdatamodel */ = {isa = PBXFileReference; lastKnownFileType = wrapper.xcdatamodel; path = FavoriteNotice.xcdatamodel; sourceTree = "<group>"; };
		DE53D0B223F8EA4E00AEFCE2 /* CoreDataUtil.swift */ = {isa = PBXFileReference; lastKnownFileType = sourcecode.swift; path = CoreDataUtil.swift; sourceTree = "<group>"; };
		DE53D0B523F92B3600AEFCE2 /* TodayModel.swift */ = {isa = PBXFileReference; lastKnownFileType = sourcecode.swift; path = TodayModel.swift; sourceTree = "<group>"; };
		DE53D14A23FC21D300AEFCE2 /* BookmarkViewController.swift */ = {isa = PBXFileReference; lastKnownFileType = sourcecode.swift; path = BookmarkViewController.swift; sourceTree = "<group>"; };
		DE53D14C23FC21DB00AEFCE2 /* BookmarkContract.swift */ = {isa = PBXFileReference; lastKnownFileType = sourcecode.swift; path = BookmarkContract.swift; sourceTree = "<group>"; };
		DE53D14E23FC21E400AEFCE2 /* BookmarkPresenter.swift */ = {isa = PBXFileReference; lastKnownFileType = sourcecode.swift; path = BookmarkPresenter.swift; sourceTree = "<group>"; };
		DE53D15023FC21ED00AEFCE2 /* BookmarkModel.swift */ = {isa = PBXFileReference; lastKnownFileType = sourcecode.swift; path = BookmarkModel.swift; sourceTree = "<group>"; };
		DE53D1552400F54B00AEFCE2 /* NotissuColorSet.xcassets */ = {isa = PBXFileReference; lastKnownFileType = folder.assetcatalog; path = NotissuColorSet.xcassets; sourceTree = "<group>"; };
		DE55423F2377CC31004E01EB /* NoticeNaturalScience.swift */ = {isa = PBXFileReference; lastKnownFileType = sourcecode.swift; path = NoticeNaturalScience.swift; sourceTree = "<group>"; };
		DE5542412377D993004E01EB /* StartViewController.swift */ = {isa = PBXFileReference; lastKnownFileType = sourcecode.swift; path = StartViewController.swift; sourceTree = "<group>"; };
		DE5542432377E076004E01EB /* HomeSwticher.swift */ = {isa = PBXFileReference; lastKnownFileType = sourcecode.swift; path = HomeSwticher.swift; sourceTree = "<group>"; };
		DE55424523784879004E01EB /* UpdateCheckController.swift */ = {isa = PBXFileReference; lastKnownFileType = sourcecode.swift; path = UpdateCheckController.swift; sourceTree = "<group>"; };
		DE55424A2379340A004E01EB /* MoreViewController.swift */ = {isa = PBXFileReference; lastKnownFileType = sourcecode.swift; path = MoreViewController.swift; sourceTree = "<group>"; };
		DE64BE8323DD253C00DF46C5 /* Notissu Today Extension.appex */ = {isa = PBXFileReference; explicitFileType = "wrapper.app-extension"; includeInIndex = 0; path = "Notissu Today Extension.appex"; sourceTree = BUILT_PRODUCTS_DIR; };
		DE64BE8423DD253C00DF46C5 /* NotificationCenter.framework */ = {isa = PBXFileReference; lastKnownFileType = wrapper.framework; name = NotificationCenter.framework; path = System/Library/Frameworks/NotificationCenter.framework; sourceTree = SDKROOT; };
		DE64BE8723DD253C00DF46C5 /* TodayViewController.swift */ = {isa = PBXFileReference; lastKnownFileType = sourcecode.swift; path = TodayViewController.swift; sourceTree = "<group>"; };
		DE64BE8A23DD253C00DF46C5 /* Base */ = {isa = PBXFileReference; lastKnownFileType = file.storyboard; name = Base; path = Base.lproj/MainInterface.storyboard; sourceTree = "<group>"; };
		DE64BE8C23DD253C00DF46C5 /* Info.plist */ = {isa = PBXFileReference; lastKnownFileType = text.plist.xml; path = Info.plist; sourceTree = "<group>"; };
		DE72017A237A76DE00F60CEB /* NoticeConvergence.swift */ = {isa = PBXFileReference; lastKnownFileType = sourcecode.swift; path = NoticeConvergence.swift; sourceTree = "<group>"; };
		DE72017E237A871B00F60CEB /* Launch Screen.storyboard */ = {isa = PBXFileReference; lastKnownFileType = file.storyboard; path = "Launch Screen.storyboard"; sourceTree = "<group>"; };
		DE7496B023DC008C00000849 /* SearchPresenter.swift */ = {isa = PBXFileReference; lastKnownFileType = sourcecode.swift; path = SearchPresenter.swift; sourceTree = "<group>"; };
		DE7496B223DC009500000849 /* SearchContract.swift */ = {isa = PBXFileReference; lastKnownFileType = sourcecode.swift; path = SearchContract.swift; sourceTree = "<group>"; };
		DE7496B423DC00D400000849 /* SearchModel.swift */ = {isa = PBXFileReference; lastKnownFileType = sourcecode.swift; path = SearchModel.swift; sourceTree = "<group>"; };
		DE75F91324064F2E00510E78 /* VersionInfoView.swift */ = {isa = PBXFileReference; lastKnownFileType = sourcecode.swift; path = VersionInfoView.swift; sourceTree = "<group>"; };
		DE75F915240651BC00510E78 /* VersionInfoView.xib */ = {isa = PBXFileReference; lastKnownFileType = file.xib; path = VersionInfoView.xib; sourceTree = "<group>"; };
		DE7E5DB024093555007F0DF2 /* String+FileType.swift */ = {isa = PBXFileReference; lastKnownFileType = sourcecode.swift; path = "String+FileType.swift"; sourceTree = "<group>"; };
		DE7E5DB224093779007F0DF2 /* FileTypeIcon.xcassets */ = {isa = PBXFileReference; lastKnownFileType = folder.assetcatalog; path = FileTypeIcon.xcassets; sourceTree = "<group>"; };
		DE85B92D23DD28D4001FB35C /* Notissu Today Extension.entitlements */ = {isa = PBXFileReference; lastKnownFileType = text.plist.entitlements; path = "Notissu Today Extension.entitlements"; sourceTree = "<group>"; };
		DE85B93B23DD2DEB001FB35C /* Notissu.entitlements */ = {isa = PBXFileReference; lastKnownFileType = text.plist.entitlements; path = Notissu.entitlements; sourceTree = "<group>"; };
		DE85B93C23DD3001001FB35C /* TodayPresenter.swift */ = {isa = PBXFileReference; lastKnownFileType = sourcecode.swift; path = TodayPresenter.swift; sourceTree = "<group>"; };
		DE85B93E23DD300A001FB35C /* TodayContract.swift */ = {isa = PBXFileReference; lastKnownFileType = sourcecode.swift; path = TodayContract.swift; sourceTree = "<group>"; };
		DE8C73832379BB2E008F2FE1 /* NoticeEconomy.swift */ = {isa = PBXFileReference; lastKnownFileType = sourcecode.swift; path = NoticeEconomy.swift; sourceTree = "<group>"; };
		DE8C73852379BDF6008F2FE1 /* NoticeSocial.swift */ = {isa = PBXFileReference; lastKnownFileType = sourcecode.swift; path = NoticeSocial.swift; sourceTree = "<group>"; };
		DEBB714C23744AC400C38812 /* WebKit.framework */ = {isa = PBXFileReference; lastKnownFileType = wrapper.framework; name = WebKit.framework; path = System/Library/Frameworks/WebKit.framework; sourceTree = SDKROOT; };
		DEBE386A23EFEFC2006F51AB /* WidgetNoticeView.swift */ = {isa = PBXFileReference; lastKnownFileType = sourcecode.swift; path = WidgetNoticeView.swift; sourceTree = "<group>"; };
		DEBE387023EFF09A006F51AB /* WidgetNoticeView.xib */ = {isa = PBXFileReference; lastKnownFileType = file.xib; path = WidgetNoticeView.xib; sourceTree = "<group>"; };
		DEBE387223F578C6006F51AB /* TodayExtensionColor.xcassets */ = {isa = PBXFileReference; lastKnownFileType = folder.assetcatalog; path = TodayExtensionColor.xcassets; sourceTree = "<group>"; };
		DEBFDC42237E31A3003888D9 /* MoreTableCell.swift */ = {isa = PBXFileReference; lastKnownFileType = sourcecode.swift; path = MoreTableCell.swift; sourceTree = "<group>"; };
		DEBFDC44237E391C003888D9 /* OpenSourceViewController.swift */ = {isa = PBXFileReference; lastKnownFileType = sourcecode.swift; path = OpenSourceViewController.swift; sourceTree = "<group>"; };
		DEBFDC46237E3950003888D9 /* OpenSourceTableViewCell.swift */ = {isa = PBXFileReference; lastKnownFileType = sourcecode.swift; path = OpenSourceTableViewCell.swift; sourceTree = "<group>"; };
		DEC1684923F7A1FF00DE2D84 /* NotissuProperty.swift */ = {isa = PBXFileReference; lastKnownFileType = sourcecode.swift; path = NotissuProperty.swift; sourceTree = "<group>"; };
		DEF56D7423837778003CA0F0 /* NoticeSearchViewController.swift */ = {isa = PBXFileReference; lastKnownFileType = sourcecode.swift; path = NoticeSearchViewController.swift; sourceTree = "<group>"; };
		DEF56D772383BF05003CA0F0 /* SchoolViewController.swift */ = {isa = PBXFileReference; lastKnownFileType = sourcecode.swift; path = SchoolViewController.swift; sourceTree = "<group>"; };
		DEF56D792383BF81003CA0F0 /* SchoolPresenter.swift */ = {isa = PBXFileReference; lastKnownFileType = sourcecode.swift; path = SchoolPresenter.swift; sourceTree = "<group>"; };
		DEF56D7B2383C002003CA0F0 /* SchoolContract.swift */ = {isa = PBXFileReference; lastKnownFileType = sourcecode.swift; path = SchoolContract.swift; sourceTree = "<group>"; };
		DEF56D7D238425D7003CA0F0 /* NoticeSoongsil.swift */ = {isa = PBXFileReference; lastKnownFileType = sourcecode.swift; path = NoticeSoongsil.swift; sourceTree = "<group>"; };
		DEF56D8A2384DB1B003CA0F0 /* manual1.png */ = {isa = PBXFileReference; lastKnownFileType = image.png; path = manual1.png; sourceTree = "<group>"; };
		DEF56D8B2384DB1B003CA0F0 /* manual3.png */ = {isa = PBXFileReference; lastKnownFileType = image.png; path = manual3.png; sourceTree = "<group>"; };
		DEF56D8C2384DB1B003CA0F0 /* manual2.png */ = {isa = PBXFileReference; lastKnownFileType = image.png; path = manual2.png; sourceTree = "<group>"; };
		DEF56D8D2384DB1B003CA0F0 /* manual0.png */ = {isa = PBXFileReference; lastKnownFileType = image.png; path = manual0.png; sourceTree = "<group>"; };
		F749762CEDDE4D582A22A89A /* Pods-SoongsilNotice-Notissu-Watch Extension.release.xcconfig */ = {isa = PBXFileReference; includeInIndex = 1; lastKnownFileType = text.xcconfig; name = "Pods-SoongsilNotice-Notissu-Watch Extension.release.xcconfig"; path = "Target Support Files/Pods-SoongsilNotice-Notissu-Watch Extension/Pods-SoongsilNotice-Notissu-Watch Extension.release.xcconfig"; sourceTree = "<group>"; };
/* End PBXFileReference section */

/* Begin PBXFrameworksBuildPhase section */
		DE29612F23703F4C0074F24B /* Frameworks */ = {
			isa = PBXFrameworksBuildPhase;
			buildActionMask = 2147483647;
			files = (
				B0DC694026EDFF8100171D93 /* YDS in Frameworks */,
				DEBB715123744AC800C38812 /* WebKit.framework in Frameworks */,
				DEBB714E23744AC700C38812 /* Pods_SoongsilNotice.framework in Frameworks */,
			);
			runOnlyForDeploymentPostprocessing = 0;
		};
		DE64BE8023DD253C00DF46C5 /* Frameworks */ = {
			isa = PBXFrameworksBuildPhase;
			buildActionMask = 2147483647;
			files = (
				DE64BE8523DD253C00DF46C5 /* NotificationCenter.framework in Frameworks */,
				43C7B2F80E459CCCF0FD26CF /* Pods_Notissu_Today_Extension.framework in Frameworks */,
			);
			runOnlyForDeploymentPostprocessing = 0;
		};
/* End PBXFrameworksBuildPhase section */

/* Begin PBXGroup section */
		531C931826F1D1AC001C73DD /* NoticesList */ = {
			isa = PBXGroup;
			children = (
				531C931B26F1F067001C73DD /* ViewModel */,
				531C931C26F1F075001C73DD /* View */,
			);
			path = NoticesList;
			sourceTree = "<group>";
		};
		531C931B26F1F067001C73DD /* ViewModel */ = {
			isa = PBXGroup;
			children = (
				531C931626F1D17D001C73DD /* NoticesListViewModel.swift */,
				531C931926F1D524001C73DD /* NoticesListItemViewModel.swift */,
			);
			path = ViewModel;
			sourceTree = "<group>";
		};
		531C931C26F1F075001C73DD /* View */ = {
			isa = PBXGroup;
			children = (
				531C933D26F5AE49001C73DD /* BaseNoticesListViewController.swift */,
				531C931226F1D0A1001C73DD /* NoticesListViewController.swift */,
				531C933326F3A48C001C73DD /* NoticesSearchListViewController.swift */,
				531C934226F5DE0B001C73DD /* TableView */,
			);
			path = View;
			sourceTree = "<group>";
		};
		531C931D26F1F19D001C73DD /* NoticeDetail */ = {
			isa = PBXGroup;
			children = (
				531C931E26F1F1AD001C73DD /* NewNoticeDetailViewModel.swift */,
				531C932026F1F1B7001C73DD /* NewNoticeDetailViewController.swift */,
				531C932226F31E5B001C73DD /* NoticeDetailAttachments */,
			);
			path = NoticeDetail;
			sourceTree = "<group>";
		};
		531C932226F31E5B001C73DD /* NoticeDetailAttachments */ = {
			isa = PBXGroup;
			children = (
				531C932326F31EA7001C73DD /* NoticeDetailAttachmentsListTableViewController.swift */,
				531C932526F31EC3001C73DD /* NoticeDetailAttachemtnsListItemCell.swift */,
			);
			path = NoticeDetailAttachments;
			sourceTree = "<group>";
		};
		531C932726F32E27001C73DD /* YDSTempComponent */ = {
			isa = PBXGroup;
			children = (
				531C932826F32E49001C73DD /* YDSTableViewController.swift */,
				531C932A26F32E57001C73DD /* YDSTableViewCell.swift */,
			);
			path = YDSTempComponent;
			sourceTree = "<group>";
		};
		531C934226F5DE0B001C73DD /* TableView */ = {
			isa = PBXGroup;
			children = (
				531C933526F47CC7001C73DD /* NoticesListTableViewController.swift */,
				531C931426F1D115001C73DD /* NoticesListItemCell.swift */,
				531C933F26F5B548001C73DD /* ErrorView.swift */,
			);
			path = TableView;
			sourceTree = "<group>";
		};
		8C7A827DD516122B5FDBC531 /* Pods */ = {
			isa = PBXGroup;
			children = (
				10D362999ACAF386EBEE89E5 /* Pods-SoongsilNotice.debug.xcconfig */,
				5109B6F37C7101EEB67D7049 /* Pods-SoongsilNotice.release.xcconfig */,
				4535F29D71ABF781F832B319 /* Pods-Notissu Today Extension.debug.xcconfig */,
				550CAE3A9D2DBDE403D9BE3F /* Pods-Notissu Today Extension.release.xcconfig */,
				D7D51A6E1417CF69431DF616 /* Pods-Notissu-Watch Extension.debug.xcconfig */,
				0F93DEDDE3DAB2EFE758C5D6 /* Pods-Notissu-Watch Extension.release.xcconfig */,
				90414B9DF20CF22441FFF574 /* Pods-SoongsilNotice-Notissu-Watch Extension.debug.xcconfig */,
				F749762CEDDE4D582A22A89A /* Pods-SoongsilNotice-Notissu-Watch Extension.release.xcconfig */,
			);
			path = Pods;
			sourceTree = "<group>";
		};
		B07166AD269B15D100B49CF7 /* ViewControllers */ = {
			isa = PBXGroup;
			children = (
				B07166AE269B15D900B49CF7 /* Main */,
			);
			path = ViewControllers;
			sourceTree = "<group>";
		};
		B07166AE269B15D900B49CF7 /* Main */ = {
			isa = PBXGroup;
			children = (
				531C931D26F1F19D001C73DD /* NoticeDetail */,
				531C931826F1D1AC001C73DD /* NoticesList */,
				B07166C1269B184700B49CF7 /* Search */,
				B07166C0269B183D00B49CF7 /* Notices */,
				B07166BF269B183300B49CF7 /* MajorList */,
				B07166BE269B182C00B49CF7 /* MyNotice */,
				B07166AF269B15E300B49CF7 /* MainTabBarViewController.swift */,
			);
			path = Main;
			sourceTree = "<group>";
		};
		B07166B5269B170E00B49CF7 /* Common */ = {
			isa = PBXGroup;
			children = (
				DE296154237195CD0074F24B /* ConfigSetting.swift */,
				DE501C482374FD250053055A /* NoticeURL.swift */,
				DE5542432377E076004E01EB /* HomeSwticher.swift */,
				DE53D0B223F8EA4E00AEFCE2 /* CoreDataUtil.swift */,
				DE7E5DB024093555007F0DF2 /* String+FileType.swift */,
				DE1772D2240F64F400A58A66 /* Encode+EUC-KR.swift */,
				B07166B6269B171E00B49CF7 /* MainNavigationController.swift */,
				B07166B8269B175100B49CF7 /* MainUINavigationBar.swift */,
				B07166BA269B17CF00B49CF7 /* UIImage+Ext.swift */,
				B07166D6269B1B6F00B49CF7 /* Dynamic.swift */,
				531C932C26F32EAD001C73DD /* UIViewController+Ext.swift */,
				5363AE1626F6FDFA00371569 /* UIColor+Ext.swift */,
			);
			path = Common;
			sourceTree = "<group>";
		};
		B07166BE269B182C00B49CF7 /* MyNotice */ = {
			isa = PBXGroup;
			children = (
				B07166C2269B185800B49CF7 /* MyNoticeViewController.swift */,
				B07166C4269B187A00B49CF7 /* MyNoticeViewModel.swift */,
			);
			path = MyNotice;
			sourceTree = "<group>";
		};
		B07166BF269B183300B49CF7 /* MajorList */ = {
			isa = PBXGroup;
			children = (
				B07166C6269B18F700B49CF7 /* MajorListViewController.swift */,
				B07166C8269B190800B49CF7 /* MajorListViewModel.swift */,
				B0A130B526DE177F00BB1E28 /* MajorListCell.swift */,
				B0A130BF26DE1F7E00BB1E28 /* MajorListSectionHeaderView.swift */,
			);
			path = MajorList;
			sourceTree = "<group>";
		};
		B07166C0269B183D00B49CF7 /* Notices */ = {
			isa = PBXGroup;
			children = (
				B07166CA269B193300B49CF7 /* NoticesViewController.swift */,
				B07166CC269B194700B49CF7 /* NoticesViewModel.swift */,
			);
			path = Notices;
			sourceTree = "<group>";
		};
		B07166C1269B184700B49CF7 /* Search */ = {
			isa = PBXGroup;
			children = (
				DEF56D7423837778003CA0F0 /* NoticeSearchViewController.swift */,
				B012285D26F9712800CA72BE /* NoticeSearchViewModel.swift */,
				DE7496B023DC008C00000849 /* SearchPresenter.swift */,
				DE7496B223DC009500000849 /* SearchContract.swift */,
				DE7496B423DC00D400000849 /* SearchModel.swift */,
			);
			path = Search;
			sourceTree = "<group>";
		};
		B07166D8269B1C2300B49CF7 /* DataRepository */ = {
			isa = PBXGroup;
			children = (
				B07166D9269B1C3100B49CF7 /* NoticeFetchManager.swift */,
			);
			path = DataRepository;
			sourceTree = "<group>";
		};
		B07166DB269B1FAD00B49CF7 /* Model */ = {
			isa = PBXGroup;
			children = (
				B0B67AEA2400BB060027D038 /* MajorModel.swift */,
				B07166DC269B1FB900B49CF7 /* MajorSection.swift */,
				B0A130B826DE185A00BB1E28 /* Major.swift */,
				B0A130C526DF4CA600BB1E28 /* Attachment.swift */,
			);
			path = Model;
			sourceTree = "<group>";
		};
		B0A130BB26DE1CA900BB1E28 /* CommonViews */ = {
			isa = PBXGroup;
			children = (
				B0A130BC26DE1CBA00BB1E28 /* TopContentView.swift */,
			);
			path = CommonViews;
			sourceTree = "<group>";
		};
		DD6CE84CCC08ADFCA011F42A /* Frameworks */ = {
			isa = PBXGroup;
			children = (
				DEBB714C23744AC400C38812 /* WebKit.framework */,
				57296D4BD235F1B361E7E590 /* Pods_SoongsilNotice.framework */,
				DE64BE8423DD253C00DF46C5 /* NotificationCenter.framework */,
				3C3F7DC8F67539D51717B753 /* Pods_Notissu_Today_Extension.framework */,
				43AE74AC12E92E07EEB58FD4 /* libPods-Notissu-Watch Extension.a */,
				B04D10072514BADA000BEBE4 /* WidgetKit.framework */,
				B04D10092514BADA000BEBE4 /* SwiftUI.framework */,
			);
			name = Frameworks;
			sourceTree = "<group>";
		};
		DE03E9D02379B063002AA5AE /* NoticeParser */ = {
			isa = PBXGroup;
			children = (
				DE296156237198070074F24B /* NoticeIT.swift */,
				DE0F8F202373FDD7006A0B49 /* NoticeEngineering.swift */,
				DE0F8F2223740041006A0B49 /* NoticeLaw.swift */,
				DE501C462374FC9D0053055A /* NoticeInmun.swift */,
				DE55423F2377CC31004E01EB /* NoticeNaturalScience.swift */,
				DE03E9CE2379B05D002AA5AE /* NoticeBusiness.swift */,
				DE8C73832379BB2E008F2FE1 /* NoticeEconomy.swift */,
				DE8C73852379BDF6008F2FE1 /* NoticeSocial.swift */,
				DE72017A237A76DE00F60CEB /* NoticeConvergence.swift */,
				DEF56D7D238425D7003CA0F0 /* NoticeSoongsil.swift */,
				B0A130C226DF4BA200BB1E28 /* NoticeParser.swift */,
				B0A130C826E10E3100BB1E28 /* NoticeBaseModel.swift */,
			);
			path = NoticeParser;
			sourceTree = "<group>";
		};
		DE0F8F1B2373F333006A0B49 /* Home */ = {
			isa = PBXGroup;
			children = (
				DE5542412377D993004E01EB /* StartViewController.swift */,
				DE55424523784879004E01EB /* UpdateCheckController.swift */,
			);
			path = Home;
			sourceTree = "<group>";
		};
		DE29612923703F4C0074F24B = {
			isa = PBXGroup;
			children = (
				DE29613423703F4C0074F24B /* SoongsilNotice */,
				DE64BE8623DD253C00DF46C5 /* Notissu Today Extension */,
				DE29613323703F4C0074F24B /* Products */,
				8C7A827DD516122B5FDBC531 /* Pods */,
				DD6CE84CCC08ADFCA011F42A /* Frameworks */,
			);
			sourceTree = "<group>";
		};
		DE29613323703F4C0074F24B /* Products */ = {
			isa = PBXGroup;
			children = (
				DE29613223703F4C0074F24B /* Notissu.app */,
				DE64BE8323DD253C00DF46C5 /* Notissu Today Extension.appex */,
			);
			name = Products;
			sourceTree = "<group>";
		};
		DE29613423703F4C0074F24B /* SoongsilNotice */ = {
			isa = PBXGroup;
			children = (
				531C932726F32E27001C73DD /* YDSTempComponent */,
				B0A130BB26DE1CA900BB1E28 /* CommonViews */,
				B07166DB269B1FAD00B49CF7 /* Model */,
				B07166D8269B1C2300B49CF7 /* DataRepository */,
				B07166B5269B170E00B49CF7 /* Common */,
				B07166AD269B15D100B49CF7 /* ViewControllers */,
				DE0418B02402412E00486BF3 /* GoogleService-Info.plist */,
				DE53D14923FC21BA00AEFCE2 /* Bookmark */,
				DE85B93B23DD2DEB001FB35C /* Notissu.entitlements */,
				DEF56D812384DA05003CA0F0 /* Resources */,
				DEF56D762383BECD003CA0F0 /* School */,
				DE03E9D02379B063002AA5AE /* NoticeParser */,
				DE501C4A23750DCA0053055A /* notissu_anim.json */,
				DE0F8F1B2373F333006A0B49 /* Home */,
				DE554249237933FA004E01EB /* More */,
				DE29615C237289FB0074F24B /* NoticeDetail */,
				DE2961492370FC620074F24B /* NoticeList */,
				DE29613523703F4C0074F24B /* AppDelegate.swift */,
				DE29613B23703F4C0074F24B /* Main.storyboard */,
				DE29614323703F4D0074F24B /* Info.plist */,
				DE0F8F192373A222006A0B49 /* BaseViewController.swift */,
				DE72017E237A871B00F60CEB /* Launch Screen.storyboard */,
			);
			path = SoongsilNotice;
			sourceTree = "<group>";
		};
		DE2961492370FC620074F24B /* NoticeList */ = {
			isa = PBXGroup;
			children = (
				DE29614A2370FC720074F24B /* NoticeListViewController.swift */,
				DE29614C2370FCB20074F24B /* NoticeListPresenter.swift */,
				DE29614E2370FCD20074F24B /* NoticeListContract.swift */,
				DE2961502370FD0A0074F24B /* NoticeListViewCell.swift */,
				DE2961522370FF4E0074F24B /* Notice.swift */,
				B07166BC269B180900B49CF7 /* NoticeListViewModel.swift */,
			);
			path = NoticeList;
			sourceTree = "<group>";
		};
		DE29615C237289FB0074F24B /* NoticeDetail */ = {
			isa = PBXGroup;
			children = (
				DE2961582371ADEE0074F24B /* NoticeDetailViewController.swift */,
				DE29615A237289D60074F24B /* NoticeDetailContract.swift */,
				DE29615D23728A330074F24B /* NoticeDetailPresenter.swift */,
				DE0F8F1723739C8A006A0B49 /* NoticeAttachmentCell.swift */,
			);
			path = NoticeDetail;
			sourceTree = "<group>";
		};
		DE3A90A72406448E00C453E2 /* MoreCell */ = {
			isa = PBXGroup;
			children = (
				DEBFDC42237E31A3003888D9 /* MoreTableCell.swift */,
				DE75F91324064F2E00510E78 /* VersionInfoView.swift */,
				DE75F915240651BC00510E78 /* VersionInfoView.xib */,
			);
			path = MoreCell;
			sourceTree = "<group>";
		};
		DE53D14923FC21BA00AEFCE2 /* Bookmark */ = {
			isa = PBXGroup;
			children = (
				DE53D14A23FC21D300AEFCE2 /* BookmarkViewController.swift */,
				DE53D14C23FC21DB00AEFCE2 /* BookmarkContract.swift */,
				DE53D14E23FC21E400AEFCE2 /* BookmarkPresenter.swift */,
				DE53D15023FC21ED00AEFCE2 /* BookmarkModel.swift */,
			);
			path = Bookmark;
			sourceTree = "<group>";
		};
		DE554249237933FA004E01EB /* More */ = {
			isa = PBXGroup;
			children = (
				DE3A90A72406448E00C453E2 /* MoreCell */,
				DE55424A2379340A004E01EB /* MoreViewController.swift */,
				DEBFDC44237E391C003888D9 /* OpenSourceViewController.swift */,
				DEBFDC46237E3950003888D9 /* OpenSourceTableViewCell.swift */,
				DE4B18EA241208E7007FD285 /* ModifyProfileViewController.swift */,
			);
			path = More;
			sourceTree = "<group>";
		};
		DE64BE8623DD253C00DF46C5 /* Notissu Today Extension */ = {
			isa = PBXGroup;
			children = (
				DE85B92D23DD28D4001FB35C /* Notissu Today Extension.entitlements */,
				DE64BE8923DD253C00DF46C5 /* MainInterface.storyboard */,
				DE64BE8C23DD253C00DF46C5 /* Info.plist */,
				DE64BE8723DD253C00DF46C5 /* TodayViewController.swift */,
				DE85B93C23DD3001001FB35C /* TodayPresenter.swift */,
				DE85B93E23DD300A001FB35C /* TodayContract.swift */,
				DEBE386A23EFEFC2006F51AB /* WidgetNoticeView.swift */,
				DEBE387023EFF09A006F51AB /* WidgetNoticeView.xib */,
				DEBE387223F578C6006F51AB /* TodayExtensionColor.xcassets */,
				DEC1684923F7A1FF00DE2D84 /* NotissuProperty.swift */,
				DE53D0B523F92B3600AEFCE2 /* TodayModel.swift */,
			);
			path = "Notissu Today Extension";
			sourceTree = "<group>";
		};
		DEF56D762383BECD003CA0F0 /* School */ = {
			isa = PBXGroup;
			children = (
				DEF56D772383BF05003CA0F0 /* SchoolViewController.swift */,
				DEF56D792383BF81003CA0F0 /* SchoolPresenter.swift */,
				DEF56D7B2383C002003CA0F0 /* SchoolContract.swift */,
			);
			path = School;
			sourceTree = "<group>";
		};
		DEF56D812384DA05003CA0F0 /* Resources */ = {
			isa = PBXGroup;
			children = (
				DE7E5DB224093779007F0DF2 /* FileTypeIcon.xcassets */,
				DE29613E23703F4D0074F24B /* Assets.xcassets */,
				DE53D1552400F54B00AEFCE2 /* NotissuColorSet.xcassets */,
				DE53D0AE23F8E9B100AEFCE2 /* FavoriteNotice.xcdatamodeld */,
				DEF56D8D2384DB1B003CA0F0 /* manual0.png */,
				DEF56D8A2384DB1B003CA0F0 /* manual1.png */,
				DEF56D8C2384DB1B003CA0F0 /* manual2.png */,
				DEF56D8B2384DB1B003CA0F0 /* manual3.png */,
				DE04185F24021BCA00486BF3 /* NotissuResource.swift */,
			);
			path = Resources;
			sourceTree = "<group>";
		};
/* End PBXGroup section */

/* Begin PBXNativeTarget section */
		DE29613123703F4C0074F24B /* SoongsilNotice */ = {
			isa = PBXNativeTarget;
			buildConfigurationList = DE29614623703F4D0074F24B /* Build configuration list for PBXNativeTarget "SoongsilNotice" */;
			buildPhases = (
				FCA9B00B7ADBB5D66CBF4823 /* [CP] Check Pods Manifest.lock */,
				DE29612E23703F4C0074F24B /* Sources */,
				DE29612F23703F4C0074F24B /* Frameworks */,
				DE29613023703F4C0074F24B /* Resources */,
				863FA639D8CB8D787EBADFD5 /* [CP] Embed Pods Frameworks */,
				DE64BE9023DD253C00DF46C5 /* Embed App Extensions */,
				DEE38C94240CAC9300DA5A10 /* Embed Watch Content */,
			);
			buildRules = (
			);
			dependencies = (
				DE64BE8E23DD253C00DF46C5 /* PBXTargetDependency */,
			);
			name = SoongsilNotice;
			packageProductDependencies = (
				B0DC693F26EDFF8100171D93 /* YDS */,
			);
			productName = SoongsilNotice;
			productReference = DE29613223703F4C0074F24B /* Notissu.app */;
			productType = "com.apple.product-type.application";
		};
		DE64BE8223DD253C00DF46C5 /* Notissu Today Extension */ = {
			isa = PBXNativeTarget;
			buildConfigurationList = DE64BE9323DD253C00DF46C5 /* Build configuration list for PBXNativeTarget "Notissu Today Extension" */;
			buildPhases = (
				F7D94D65EBC94EA80D1BDE3F /* [CP] Check Pods Manifest.lock */,
				DE64BE7F23DD253C00DF46C5 /* Sources */,
				DE64BE8023DD253C00DF46C5 /* Frameworks */,
				DE64BE8123DD253C00DF46C5 /* Resources */,
			);
			buildRules = (
			);
			dependencies = (
			);
			name = "Notissu Today Extension";
			packageProductDependencies = (
			);
			productName = "Notissu Today Extension";
			productReference = DE64BE8323DD253C00DF46C5 /* Notissu Today Extension.appex */;
			productType = "com.apple.product-type.app-extension";
		};
/* End PBXNativeTarget section */

/* Begin PBXProject section */
		DE29612A23703F4C0074F24B /* Project object */ = {
			isa = PBXProject;
			attributes = {
				LastSwiftUpdateCheck = 1200;
				LastUpgradeCheck = 1120;
				ORGANIZATIONNAME = Notissu;
				TargetAttributes = {
					DE29613123703F4C0074F24B = {
						CreatedOnToolsVersion = 11.2;
					};
					DE64BE8223DD253C00DF46C5 = {
						CreatedOnToolsVersion = 11.3.1;
					};
				};
			};
			buildConfigurationList = DE29612D23703F4C0074F24B /* Build configuration list for PBXProject "SoongsilNotice" */;
			compatibilityVersion = "Xcode 9.3";
			developmentRegion = en;
			hasScannedForEncodings = 0;
			knownRegions = (
				en,
				Base,
			);
			mainGroup = DE29612923703F4C0074F24B;
			packageReferences = (
				B0DC693E26EDFF8100171D93 /* XCRemoteSwiftPackageReference "YDS-iOS" */,
			);
			productRefGroup = DE29613323703F4C0074F24B /* Products */;
			projectDirPath = "";
			projectRoot = "";
			targets = (
				DE29613123703F4C0074F24B /* SoongsilNotice */,
				DE64BE8223DD253C00DF46C5 /* Notissu Today Extension */,
			);
		};
/* End PBXProject section */

/* Begin PBXResourcesBuildPhase section */
		DE29613023703F4C0074F24B /* Resources */ = {
			isa = PBXResourcesBuildPhase;
			buildActionMask = 2147483647;
			files = (
				DE53D1562400F54B00AEFCE2 /* NotissuColorSet.xcassets in Resources */,
				DE7E5DB324093779007F0DF2 /* FileTypeIcon.xcassets in Resources */,
				DEF56D8E2384DB1C003CA0F0 /* manual1.png in Resources */,
				DE53D1542400142000AEFCE2 /* TodayExtensionColor.xcassets in Resources */,
				DE29613F23703F4D0074F24B /* Assets.xcassets in Resources */,
				DEF56D902384DB1C003CA0F0 /* manual2.png in Resources */,
				DE75F916240651BC00510E78 /* VersionInfoView.xib in Resources */,
				DE501C4B23750DCB0053055A /* notissu_anim.json in Resources */,
				DEF56D912384DB1C003CA0F0 /* manual0.png in Resources */,
				DE72017F237A871B00F60CEB /* Launch Screen.storyboard in Resources */,
				DE0418B12402412F00486BF3 /* GoogleService-Info.plist in Resources */,
				DE29613D23703F4C0074F24B /* Main.storyboard in Resources */,
				DEF56D8F2384DB1C003CA0F0 /* manual3.png in Resources */,
			);
			runOnlyForDeploymentPostprocessing = 0;
		};
		DE64BE8123DD253C00DF46C5 /* Resources */ = {
			isa = PBXResourcesBuildPhase;
			buildActionMask = 2147483647;
			files = (
				DEBE387123EFF09A006F51AB /* WidgetNoticeView.xib in Resources */,
				DEBE387323F578C6006F51AB /* TodayExtensionColor.xcassets in Resources */,
				DE0418B22402412F00486BF3 /* GoogleService-Info.plist in Resources */,
				B03BA5F025176295002010CE /* NotissuColorSet.xcassets in Resources */,
				DEC1684B23F7A3B900DE2D84 /* Assets.xcassets in Resources */,
				DE7E5DB42409377D007F0DF2 /* FileTypeIcon.xcassets in Resources */,
				DE64BE8B23DD253C00DF46C5 /* MainInterface.storyboard in Resources */,
			);
			runOnlyForDeploymentPostprocessing = 0;
		};
/* End PBXResourcesBuildPhase section */

/* Begin PBXShellScriptBuildPhase section */
		863FA639D8CB8D787EBADFD5 /* [CP] Embed Pods Frameworks */ = {
			isa = PBXShellScriptBuildPhase;
			buildActionMask = 2147483647;
			files = (
			);
			inputFileListPaths = (
				"${PODS_ROOT}/Target Support Files/Pods-SoongsilNotice/Pods-SoongsilNotice-frameworks-${CONFIGURATION}-input-files.xcfilelist",
			);
			name = "[CP] Embed Pods Frameworks";
			outputFileListPaths = (
				"${PODS_ROOT}/Target Support Files/Pods-SoongsilNotice/Pods-SoongsilNotice-frameworks-${CONFIGURATION}-output-files.xcfilelist",
			);
			runOnlyForDeploymentPostprocessing = 0;
			shellPath = /bin/sh;
			shellScript = "\"${PODS_ROOT}/Target Support Files/Pods-SoongsilNotice/Pods-SoongsilNotice-frameworks.sh\"\n";
			showEnvVarsInLog = 0;
		};
		F7D94D65EBC94EA80D1BDE3F /* [CP] Check Pods Manifest.lock */ = {
			isa = PBXShellScriptBuildPhase;
			buildActionMask = 2147483647;
			files = (
			);
			inputFileListPaths = (
			);
			inputPaths = (
				"${PODS_PODFILE_DIR_PATH}/Podfile.lock",
				"${PODS_ROOT}/Manifest.lock",
			);
			name = "[CP] Check Pods Manifest.lock";
			outputFileListPaths = (
			);
			outputPaths = (
				"$(DERIVED_FILE_DIR)/Pods-Notissu Today Extension-checkManifestLockResult.txt",
			);
			runOnlyForDeploymentPostprocessing = 0;
			shellPath = /bin/sh;
			shellScript = "diff \"${PODS_PODFILE_DIR_PATH}/Podfile.lock\" \"${PODS_ROOT}/Manifest.lock\" > /dev/null\nif [ $? != 0 ] ; then\n    # print error to STDERR\n    echo \"error: The sandbox is not in sync with the Podfile.lock. Run 'pod install' or update your CocoaPods installation.\" >&2\n    exit 1\nfi\n# This output is used by Xcode 'outputs' to avoid re-running this script phase.\necho \"SUCCESS\" > \"${SCRIPT_OUTPUT_FILE_0}\"\n";
			showEnvVarsInLog = 0;
		};
		FCA9B00B7ADBB5D66CBF4823 /* [CP] Check Pods Manifest.lock */ = {
			isa = PBXShellScriptBuildPhase;
			buildActionMask = 2147483647;
			files = (
			);
			inputFileListPaths = (
			);
			inputPaths = (
				"${PODS_PODFILE_DIR_PATH}/Podfile.lock",
				"${PODS_ROOT}/Manifest.lock",
			);
			name = "[CP] Check Pods Manifest.lock";
			outputFileListPaths = (
			);
			outputPaths = (
				"$(DERIVED_FILE_DIR)/Pods-SoongsilNotice-checkManifestLockResult.txt",
			);
			runOnlyForDeploymentPostprocessing = 0;
			shellPath = /bin/sh;
			shellScript = "diff \"${PODS_PODFILE_DIR_PATH}/Podfile.lock\" \"${PODS_ROOT}/Manifest.lock\" > /dev/null\nif [ $? != 0 ] ; then\n    # print error to STDERR\n    echo \"error: The sandbox is not in sync with the Podfile.lock. Run 'pod install' or update your CocoaPods installation.\" >&2\n    exit 1\nfi\n# This output is used by Xcode 'outputs' to avoid re-running this script phase.\necho \"SUCCESS\" > \"${SCRIPT_OUTPUT_FILE_0}\"\n";
			showEnvVarsInLog = 0;
		};
/* End PBXShellScriptBuildPhase section */

/* Begin PBXSourcesBuildPhase section */
		DE29612E23703F4C0074F24B /* Sources */ = {
			isa = PBXSourcesBuildPhase;
			buildActionMask = 2147483647;
			files = (
				531C932926F32E49001C73DD /* YDSTableViewController.swift in Sources */,
				DE53D14B23FC21D300AEFCE2 /* BookmarkViewController.swift in Sources */,
				DE8C73862379BDF6008F2FE1 /* NoticeSocial.swift in Sources */,
				531C932626F31EC3001C73DD /* NoticeDetailAttachemtnsListItemCell.swift in Sources */,
				DE53D14F23FC21E400AEFCE2 /* BookmarkPresenter.swift in Sources */,
				B0A130B626DE177F00BB1E28 /* MajorListCell.swift in Sources */,
				B0A130C326DF4BA200BB1E28 /* NoticeParser.swift in Sources */,
				DEBFDC43237E31A3003888D9 /* MoreTableCell.swift in Sources */,
				DE29613623703F4C0074F24B /* AppDelegate.swift in Sources */,
				531C932B26F32E57001C73DD /* YDSTableViewCell.swift in Sources */,
				DE7496B523DC00D400000849 /* SearchModel.swift in Sources */,
				DE29615B237289D60074F24B /* NoticeDetailContract.swift in Sources */,
				DE75F91424064F2E00510E78 /* VersionInfoView.swift in Sources */,
				B07166C7269B18F700B49CF7 /* MajorListViewController.swift in Sources */,
				DE501C492374FD250053055A /* NoticeURL.swift in Sources */,
				DEBFDC45237E391C003888D9 /* OpenSourceViewController.swift in Sources */,
				B07166DD269B1FB900B49CF7 /* MajorSection.swift in Sources */,
				B07166C5269B187A00B49CF7 /* MyNoticeViewModel.swift in Sources */,
				DE5542442377E076004E01EB /* HomeSwticher.swift in Sources */,
				DE53D14D23FC21DB00AEFCE2 /* BookmarkContract.swift in Sources */,
				DE7E5DB124093555007F0DF2 /* String+FileType.swift in Sources */,
				DE296155237195CD0074F24B /* ConfigSetting.swift in Sources */,
				DE1772D3240F64F400A58A66 /* Encode+EUC-KR.swift in Sources */,
				DE04186024021BCA00486BF3 /* NotissuResource.swift in Sources */,
				DE55424623784879004E01EB /* UpdateCheckController.swift in Sources */,
				DE29614F2370FCD20074F24B /* NoticeListContract.swift in Sources */,
				DEF56D7523837778003CA0F0 /* NoticeSearchViewController.swift in Sources */,
				531C931526F1D115001C73DD /* NoticesListItemCell.swift in Sources */,
				DE0F8F1A2373A222006A0B49 /* BaseViewController.swift in Sources */,
				531C931326F1D0A1001C73DD /* NoticesListViewController.swift in Sources */,
				B07166B0269B15E300B49CF7 /* MainTabBarViewController.swift in Sources */,
				DEF56D7C2383C002003CA0F0 /* SchoolContract.swift in Sources */,
				B07166C9269B190800B49CF7 /* MajorListViewModel.swift in Sources */,
				B07166CB269B193300B49CF7 /* NoticesViewController.swift in Sources */,
				531C931A26F1D524001C73DD /* NoticesListItemViewModel.swift in Sources */,
				DE53D0B323F8EA4E00AEFCE2 /* CoreDataUtil.swift in Sources */,
				531C934026F5B549001C73DD /* ErrorView.swift in Sources */,
				B07166CD269B194700B49CF7 /* NoticesViewModel.swift in Sources */,
				531C933E26F5AE49001C73DD /* BaseNoticesListViewController.swift in Sources */,
				B07166BD269B180900B49CF7 /* NoticeListViewModel.swift in Sources */,
				DEC1684C23F7A84500DE2D84 /* NotissuProperty.swift in Sources */,
				B07166D7269B1B6F00B49CF7 /* Dynamic.swift in Sources */,
				B0A130B926DE185A00BB1E28 /* Major.swift in Sources */,
				531C933426F3A48C001C73DD /* NoticesSearchListViewController.swift in Sources */,
				B07166B7269B171E00B49CF7 /* MainNavigationController.swift in Sources */,
				DE0F8F2323740041006A0B49 /* NoticeLaw.swift in Sources */,
				B07166BB269B17CF00B49CF7 /* UIImage+Ext.swift in Sources */,
				B0B67AEB2400BB060027D038 /* MajorModel.swift in Sources */,
				B07166B9269B175100B49CF7 /* MainUINavigationBar.swift in Sources */,
				DE03E9CF2379B05D002AA5AE /* NoticeBusiness.swift in Sources */,
				DE5542422377D993004E01EB /* StartViewController.swift in Sources */,
				531C932D26F32EAD001C73DD /* UIViewController+Ext.swift in Sources */,
				DE2961592371ADEE0074F24B /* NoticeDetailViewController.swift in Sources */,
				DE7496B323DC009500000849 /* SearchContract.swift in Sources */,
				DE2961532370FF4E0074F24B /* Notice.swift in Sources */,
				B0A130BD26DE1CBA00BB1E28 /* TopContentView.swift in Sources */,
				531C932426F31EA7001C73DD /* NoticeDetailAttachmentsListTableViewController.swift in Sources */,
				DEF56D7A2383BF81003CA0F0 /* SchoolPresenter.swift in Sources */,
				5363AE1726F6FDFA00371569 /* UIColor+Ext.swift in Sources */,
				DE72017B237A76DE00F60CEB /* NoticeConvergence.swift in Sources */,
				DEBFDC47237E3950003888D9 /* OpenSourceTableViewCell.swift in Sources */,
				DE29614D2370FCB20074F24B /* NoticeListPresenter.swift in Sources */,
				DE53D0B023F8E9B100AEFCE2 /* FavoriteNotice.xcdatamodeld in Sources */,
				DE7496B123DC008C00000849 /* SearchPresenter.swift in Sources */,
				DE2961512370FD0A0074F24B /* NoticeListViewCell.swift in Sources */,
				DEF56D782383BF05003CA0F0 /* SchoolViewController.swift in Sources */,
				DE296157237198070074F24B /* NoticeIT.swift in Sources */,
				DE8C73842379BB2E008F2FE1 /* NoticeEconomy.swift in Sources */,
				B0A130C626DF4CA600BB1E28 /* Attachment.swift in Sources */,
				DE501C472374FC9D0053055A /* NoticeInmun.swift in Sources */,
				531C932126F1F1B7001C73DD /* NewNoticeDetailViewController.swift in Sources */,
				531C931726F1D17D001C73DD /* NoticesListViewModel.swift in Sources */,
				DE0F8F1823739C8A006A0B49 /* NoticeAttachmentCell.swift in Sources */,
				531C931F26F1F1AD001C73DD /* NewNoticeDetailViewModel.swift in Sources */,
				B012285E26F9712800CA72BE /* NoticeSearchViewModel.swift in Sources */,
				B0A130C026DE1F7E00BB1E28 /* MajorListSectionHeaderView.swift in Sources */,
				B07166DA269B1C3100B49CF7 /* NoticeFetchManager.swift in Sources */,
				531C933626F47CC7001C73DD /* NoticesListTableViewController.swift in Sources */,
				DE4B18EB241208E7007FD285 /* ModifyProfileViewController.swift in Sources */,
				DE5542402377CC31004E01EB /* NoticeNaturalScience.swift in Sources */,
				DE29614B2370FC720074F24B /* NoticeListViewController.swift in Sources */,
				DE53D15123FC21ED00AEFCE2 /* BookmarkModel.swift in Sources */,
				B0A130C926E10E3100BB1E28 /* NoticeBaseModel.swift in Sources */,
				DE55424B2379340A004E01EB /* MoreViewController.swift in Sources */,
				B07166C3269B185800B49CF7 /* MyNoticeViewController.swift in Sources */,
				DE29615E23728A330074F24B /* NoticeDetailPresenter.swift in Sources */,
				DE0F8F212373FDD7006A0B49 /* NoticeEngineering.swift in Sources */,
				DEF56D7E238425D7003CA0F0 /* NoticeSoongsil.swift in Sources */,
			);
			runOnlyForDeploymentPostprocessing = 0;
		};
		DE64BE7F23DD253C00DF46C5 /* Sources */ = {
			isa = PBXSourcesBuildPhase;
			buildActionMask = 2147483647;
			files = (
				B0A130F526E118F900BB1E28 /* Encode+EUC-KR.swift in Sources */,
				DE85B93523DD29CE001FB35C /* NoticeSocial.swift in Sources */,
				DE85B93123DD29CE001FB35C /* NoticeInmun.swift in Sources */,
				B0A130F826E1193900BB1E28 /* MajorModel.swift in Sources */,
				DE85B93023DD29CE001FB35C /* NoticeLaw.swift in Sources */,
				B0A130B726DE177F00BB1E28 /* MajorListCell.swift in Sources */,
				B0A130F326E118F900BB1E28 /* NoticeURL.swift in Sources */,
				DE85B93D23DD3001001FB35C /* TodayPresenter.swift in Sources */,
				DE85B93A23DD2AF2001FB35C /* Notice.swift in Sources */,
				B0A130BE26DE1CBA00BB1E28 /* TopContentView.swift in Sources */,
				DEC1684A23F7A1FF00DE2D84 /* NotissuProperty.swift in Sources */,
				DE85B93423DD29CE001FB35C /* NoticeEconomy.swift in Sources */,
				B0A130CA26E10E3100BB1E28 /* NoticeBaseModel.swift in Sources */,
				DE85B93223DD29CE001FB35C /* NoticeNaturalScience.swift in Sources */,
				DE85B93723DD29CE001FB35C /* NoticeSoongsil.swift in Sources */,
				B0A130F626E118F900BB1E28 /* CoreDataUtil.swift in Sources */,
				B0A130C126DE1F7E00BB1E28 /* MajorListSectionHeaderView.swift in Sources */,
				DE85B92F23DD29CE001FB35C /* NoticeEngineering.swift in Sources */,
				DE53D0B623F92B3600AEFCE2 /* TodayModel.swift in Sources */,
				B0A130BA26DE185A00BB1E28 /* Major.swift in Sources */,
				DE53D0B123F8E9B100AEFCE2 /* FavoriteNotice.xcdatamodeld in Sources */,
				B0A130F226E118F900BB1E28 /* Dynamic.swift in Sources */,
				DE85B92E23DD29CE001FB35C /* NoticeIT.swift in Sources */,
				B0A130F726E1190000BB1E28 /* ConfigSetting.swift in Sources */,
				DE04186124021BCA00486BF3 /* NotissuResource.swift in Sources */,
				B0A130C426DF4BA200BB1E28 /* NoticeParser.swift in Sources */,
				DEBE386B23EFEFC2006F51AB /* WidgetNoticeView.swift in Sources */,
				DE85B93323DD29CE001FB35C /* NoticeBusiness.swift in Sources */,
				DE85B93F23DD300A001FB35C /* TodayContract.swift in Sources */,
				DE64BE8823DD253C00DF46C5 /* TodayViewController.swift in Sources */,
				B0A130F126E118F900BB1E28 /* UIImage+Ext.swift in Sources */,
				B0A130C726DF4CA600BB1E28 /* Attachment.swift in Sources */,
				B0A130F426E118F900BB1E28 /* String+FileType.swift in Sources */,
				DE85B93623DD29CE001FB35C /* NoticeConvergence.swift in Sources */,
			);
			runOnlyForDeploymentPostprocessing = 0;
		};
/* End PBXSourcesBuildPhase section */

/* Begin PBXTargetDependency section */
		DE64BE8E23DD253C00DF46C5 /* PBXTargetDependency */ = {
			isa = PBXTargetDependency;
			target = DE64BE8223DD253C00DF46C5 /* Notissu Today Extension */;
			targetProxy = DE64BE8D23DD253C00DF46C5 /* PBXContainerItemProxy */;
		};
/* End PBXTargetDependency section */

/* Begin PBXVariantGroup section */
		DE29613B23703F4C0074F24B /* Main.storyboard */ = {
			isa = PBXVariantGroup;
			children = (
				DE29613C23703F4C0074F24B /* Base */,
			);
			name = Main.storyboard;
			sourceTree = "<group>";
		};
		DE64BE8923DD253C00DF46C5 /* MainInterface.storyboard */ = {
			isa = PBXVariantGroup;
			children = (
				DE64BE8A23DD253C00DF46C5 /* Base */,
			);
			name = MainInterface.storyboard;
			sourceTree = "<group>";
		};
/* End PBXVariantGroup section */

/* Begin XCBuildConfiguration section */
		DE29614423703F4D0074F24B /* Debug */ = {
			isa = XCBuildConfiguration;
			buildSettings = {
				ALWAYS_SEARCH_USER_PATHS = NO;
				CLANG_ANALYZER_NONNULL = YES;
				CLANG_ANALYZER_NUMBER_OBJECT_CONVERSION = YES_AGGRESSIVE;
				CLANG_CXX_LANGUAGE_STANDARD = "gnu++14";
				CLANG_CXX_LIBRARY = "libc++";
				CLANG_ENABLE_MODULES = YES;
				CLANG_ENABLE_OBJC_ARC = YES;
				CLANG_ENABLE_OBJC_WEAK = YES;
				CLANG_WARN_BLOCK_CAPTURE_AUTORELEASING = YES;
				CLANG_WARN_BOOL_CONVERSION = YES;
				CLANG_WARN_COMMA = YES;
				CLANG_WARN_CONSTANT_CONVERSION = YES;
				CLANG_WARN_DEPRECATED_OBJC_IMPLEMENTATIONS = YES;
				CLANG_WARN_DIRECT_OBJC_ISA_USAGE = YES_ERROR;
				CLANG_WARN_DOCUMENTATION_COMMENTS = YES;
				CLANG_WARN_EMPTY_BODY = YES;
				CLANG_WARN_ENUM_CONVERSION = YES;
				CLANG_WARN_INFINITE_RECURSION = YES;
				CLANG_WARN_INT_CONVERSION = YES;
				CLANG_WARN_NON_LITERAL_NULL_CONVERSION = YES;
				CLANG_WARN_OBJC_IMPLICIT_RETAIN_SELF = YES;
				CLANG_WARN_OBJC_LITERAL_CONVERSION = YES;
				CLANG_WARN_OBJC_ROOT_CLASS = YES_ERROR;
				CLANG_WARN_RANGE_LOOP_ANALYSIS = YES;
				CLANG_WARN_STRICT_PROTOTYPES = YES;
				CLANG_WARN_SUSPICIOUS_MOVE = YES;
				CLANG_WARN_UNGUARDED_AVAILABILITY = YES_AGGRESSIVE;
				CLANG_WARN_UNREACHABLE_CODE = YES;
				CLANG_WARN__DUPLICATE_METHOD_MATCH = YES;
				COPY_PHASE_STRIP = NO;
				DEBUG_INFORMATION_FORMAT = dwarf;
				ENABLE_STRICT_OBJC_MSGSEND = YES;
				ENABLE_TESTABILITY = YES;
				GCC_C_LANGUAGE_STANDARD = gnu11;
				GCC_DYNAMIC_NO_PIC = NO;
				GCC_NO_COMMON_BLOCKS = YES;
				GCC_OPTIMIZATION_LEVEL = 0;
				GCC_PREPROCESSOR_DEFINITIONS = (
					"DEBUG=1",
					"$(inherited)",
				);
				GCC_WARN_64_TO_32_BIT_CONVERSION = YES;
				GCC_WARN_ABOUT_RETURN_TYPE = YES_ERROR;
				GCC_WARN_UNDECLARED_SELECTOR = YES;
				GCC_WARN_UNINITIALIZED_AUTOS = YES_AGGRESSIVE;
				GCC_WARN_UNUSED_FUNCTION = YES;
				GCC_WARN_UNUSED_VARIABLE = YES;
				IPHONEOS_DEPLOYMENT_TARGET = 11.0;
				MTL_ENABLE_DEBUG_INFO = INCLUDE_SOURCE;
				MTL_FAST_MATH = YES;
				ONLY_ACTIVE_ARCH = YES;
				SDKROOT = iphoneos;
				SWIFT_ACTIVE_COMPILATION_CONDITIONS = DEBUG;
				SWIFT_OPTIMIZATION_LEVEL = "-Onone";
			};
			name = Debug;
		};
		DE29614523703F4D0074F24B /* Release */ = {
			isa = XCBuildConfiguration;
			buildSettings = {
				ALWAYS_SEARCH_USER_PATHS = NO;
				CLANG_ANALYZER_NONNULL = YES;
				CLANG_ANALYZER_NUMBER_OBJECT_CONVERSION = YES_AGGRESSIVE;
				CLANG_CXX_LANGUAGE_STANDARD = "gnu++14";
				CLANG_CXX_LIBRARY = "libc++";
				CLANG_ENABLE_MODULES = YES;
				CLANG_ENABLE_OBJC_ARC = YES;
				CLANG_ENABLE_OBJC_WEAK = YES;
				CLANG_WARN_BLOCK_CAPTURE_AUTORELEASING = YES;
				CLANG_WARN_BOOL_CONVERSION = YES;
				CLANG_WARN_COMMA = YES;
				CLANG_WARN_CONSTANT_CONVERSION = YES;
				CLANG_WARN_DEPRECATED_OBJC_IMPLEMENTATIONS = YES;
				CLANG_WARN_DIRECT_OBJC_ISA_USAGE = YES_ERROR;
				CLANG_WARN_DOCUMENTATION_COMMENTS = YES;
				CLANG_WARN_EMPTY_BODY = YES;
				CLANG_WARN_ENUM_CONVERSION = YES;
				CLANG_WARN_INFINITE_RECURSION = YES;
				CLANG_WARN_INT_CONVERSION = YES;
				CLANG_WARN_NON_LITERAL_NULL_CONVERSION = YES;
				CLANG_WARN_OBJC_IMPLICIT_RETAIN_SELF = YES;
				CLANG_WARN_OBJC_LITERAL_CONVERSION = YES;
				CLANG_WARN_OBJC_ROOT_CLASS = YES_ERROR;
				CLANG_WARN_RANGE_LOOP_ANALYSIS = YES;
				CLANG_WARN_STRICT_PROTOTYPES = YES;
				CLANG_WARN_SUSPICIOUS_MOVE = YES;
				CLANG_WARN_UNGUARDED_AVAILABILITY = YES_AGGRESSIVE;
				CLANG_WARN_UNREACHABLE_CODE = YES;
				CLANG_WARN__DUPLICATE_METHOD_MATCH = YES;
				COPY_PHASE_STRIP = NO;
				DEBUG_INFORMATION_FORMAT = "dwarf-with-dsym";
				ENABLE_NS_ASSERTIONS = NO;
				ENABLE_STRICT_OBJC_MSGSEND = YES;
				GCC_C_LANGUAGE_STANDARD = gnu11;
				GCC_NO_COMMON_BLOCKS = YES;
				GCC_WARN_64_TO_32_BIT_CONVERSION = YES;
				GCC_WARN_ABOUT_RETURN_TYPE = YES_ERROR;
				GCC_WARN_UNDECLARED_SELECTOR = YES;
				GCC_WARN_UNINITIALIZED_AUTOS = YES_AGGRESSIVE;
				GCC_WARN_UNUSED_FUNCTION = YES;
				GCC_WARN_UNUSED_VARIABLE = YES;
				IPHONEOS_DEPLOYMENT_TARGET = 11.0;
				MTL_ENABLE_DEBUG_INFO = NO;
				MTL_FAST_MATH = YES;
				SDKROOT = iphoneos;
				SWIFT_COMPILATION_MODE = wholemodule;
				SWIFT_OPTIMIZATION_LEVEL = "-O";
				VALIDATE_PRODUCT = YES;
			};
			name = Release;
		};
		DE29614723703F4D0074F24B /* Debug */ = {
			isa = XCBuildConfiguration;
			baseConfigurationReference = 10D362999ACAF386EBEE89E5 /* Pods-SoongsilNotice.debug.xcconfig */;
			buildSettings = {
				ALWAYS_EMBED_SWIFT_STANDARD_LIBRARIES = YES;
				ASSETCATALOG_COMPILER_APPICON_NAME = AppIcon;
				CODE_SIGN_ENTITLEMENTS = SoongsilNotice/Notissu.entitlements;
				CODE_SIGN_IDENTITY = "iPhone Developer";
				CODE_SIGN_STYLE = Manual;
				CURRENT_PROJECT_VERSION = 2021.09.20.1;
				DEVELOPMENT_TEAM = M79H9K226Y;
				INFOPLIST_FILE = SoongsilNotice/Info.plist;
				IPHONEOS_DEPLOYMENT_TARGET = 13.0;
				LD_RUNPATH_SEARCH_PATHS = (
					"$(inherited)",
					"@executable_path/Frameworks",
				);
				MARKETING_VERSION = 2.0;
				PRODUCT_BUNDLE_IDENTIFIER = "com.elliott.notissu-ios";
				PRODUCT_NAME = Notissu;
				PROVISIONING_PROFILE_SPECIFIER = "Notissu iOS Real Provisioning Profile";
				SWIFT_VERSION = 5.0;
				TARGETED_DEVICE_FAMILY = "1,2";
			};
			name = Debug;
		};
		DE29614823703F4D0074F24B /* Release */ = {
			isa = XCBuildConfiguration;
			baseConfigurationReference = 5109B6F37C7101EEB67D7049 /* Pods-SoongsilNotice.release.xcconfig */;
			buildSettings = {
				ALWAYS_EMBED_SWIFT_STANDARD_LIBRARIES = YES;
				ASSETCATALOG_COMPILER_APPICON_NAME = AppIcon;
				CODE_SIGN_ENTITLEMENTS = SoongsilNotice/Notissu.entitlements;
				CODE_SIGN_IDENTITY = "iPhone Developer";
				CODE_SIGN_STYLE = Manual;
				CURRENT_PROJECT_VERSION = 2021.09.20.1;
				DEVELOPMENT_TEAM = M79H9K226Y;
				INFOPLIST_FILE = SoongsilNotice/Info.plist;
				IPHONEOS_DEPLOYMENT_TARGET = 13.0;
				LD_RUNPATH_SEARCH_PATHS = (
					"$(inherited)",
					"@executable_path/Frameworks",
				);
				MARKETING_VERSION = 2.0;
				PRODUCT_BUNDLE_IDENTIFIER = "com.elliott.notissu-ios";
				PRODUCT_NAME = Notissu;
				PROVISIONING_PROFILE_SPECIFIER = "Notissu iOS Real Provisioning Profile";
				SWIFT_VERSION = 5.0;
				TARGETED_DEVICE_FAMILY = "1,2";
			};
			name = Release;
		};
		DE64BE9123DD253C00DF46C5 /* Debug */ = {
			isa = XCBuildConfiguration;
			baseConfigurationReference = 4535F29D71ABF781F832B319 /* Pods-Notissu Today Extension.debug.xcconfig */;
			buildSettings = {
				CODE_SIGN_ENTITLEMENTS = "Notissu Today Extension/Notissu Today Extension.entitlements";
				CODE_SIGN_IDENTITY = "iPhone Developer";
				CODE_SIGN_STYLE = Manual;
				CURRENT_PROJECT_VERSION = 2021.09.20.1;
				DEVELOPMENT_TEAM = M79H9K226Y;
				INFOPLIST_FILE = "Notissu Today Extension/Info.plist";
				IPHONEOS_DEPLOYMENT_TARGET = 13.0;
				LD_RUNPATH_SEARCH_PATHS = (
					"$(inherited)",
					"@executable_path/Frameworks",
					"@executable_path/../../Frameworks",
				);
				MARKETING_VERSION = 2.0;
				PRODUCT_BUNDLE_IDENTIFIER = "com.elliott.notissu-ios.Notissu-Today-Extension";
				PRODUCT_NAME = "$(TARGET_NAME)";
				PROVISIONING_PROFILE_SPECIFIER = "Notissu iOS Today Extension Provisioning Profile";
				SKIP_INSTALL = YES;
				SWIFT_VERSION = 5.0;
				TARGETED_DEVICE_FAMILY = "1,2";
			};
			name = Debug;
		};
		DE64BE9223DD253C00DF46C5 /* Release */ = {
			isa = XCBuildConfiguration;
			baseConfigurationReference = 550CAE3A9D2DBDE403D9BE3F /* Pods-Notissu Today Extension.release.xcconfig */;
			buildSettings = {
				CODE_SIGN_ENTITLEMENTS = "Notissu Today Extension/Notissu Today Extension.entitlements";
				CODE_SIGN_IDENTITY = "iPhone Developer";
				CODE_SIGN_STYLE = Manual;
				CURRENT_PROJECT_VERSION = 2021.09.20.1;
				DEVELOPMENT_TEAM = M79H9K226Y;
				INFOPLIST_FILE = "Notissu Today Extension/Info.plist";
				IPHONEOS_DEPLOYMENT_TARGET = 13.0;
				LD_RUNPATH_SEARCH_PATHS = (
					"$(inherited)",
					"@executable_path/Frameworks",
					"@executable_path/../../Frameworks",
				);
				MARKETING_VERSION = 2.0;
				PRODUCT_BUNDLE_IDENTIFIER = "com.elliott.notissu-ios.Notissu-Today-Extension";
				PRODUCT_NAME = "$(TARGET_NAME)";
				PROVISIONING_PROFILE_SPECIFIER = "Notissu iOS Today Extension Provisioning Profile";
				SKIP_INSTALL = YES;
				SWIFT_VERSION = 5.0;
				TARGETED_DEVICE_FAMILY = "1,2";
			};
			name = Release;
		};
/* End XCBuildConfiguration section */

/* Begin XCConfigurationList section */
		DE29612D23703F4C0074F24B /* Build configuration list for PBXProject "SoongsilNotice" */ = {
			isa = XCConfigurationList;
			buildConfigurations = (
				DE29614423703F4D0074F24B /* Debug */,
				DE29614523703F4D0074F24B /* Release */,
			);
			defaultConfigurationIsVisible = 0;
			defaultConfigurationName = Release;
		};
		DE29614623703F4D0074F24B /* Build configuration list for PBXNativeTarget "SoongsilNotice" */ = {
			isa = XCConfigurationList;
			buildConfigurations = (
				DE29614723703F4D0074F24B /* Debug */,
				DE29614823703F4D0074F24B /* Release */,
			);
			defaultConfigurationIsVisible = 0;
			defaultConfigurationName = Release;
		};
		DE64BE9323DD253C00DF46C5 /* Build configuration list for PBXNativeTarget "Notissu Today Extension" */ = {
			isa = XCConfigurationList;
			buildConfigurations = (
				DE64BE9123DD253C00DF46C5 /* Debug */,
				DE64BE9223DD253C00DF46C5 /* Release */,
			);
			defaultConfigurationIsVisible = 0;
			defaultConfigurationName = Release;
		};
/* End XCConfigurationList section */

/* Begin XCRemoteSwiftPackageReference section */
		B0DC693E26EDFF8100171D93 /* XCRemoteSwiftPackageReference "YDS-iOS" */ = {
			isa = XCRemoteSwiftPackageReference;
			repositoryURL = "https://github.com/yourssu/YDS-iOS";
			requirement = {
				kind = upToNextMajorVersion;
				minimumVersion = 0.3.1;
			};
		};
/* End XCRemoteSwiftPackageReference section */

/* Begin XCSwiftPackageProductDependency section */
		B0DC693F26EDFF8100171D93 /* YDS */ = {
			isa = XCSwiftPackageProductDependency;
			package = B0DC693E26EDFF8100171D93 /* XCRemoteSwiftPackageReference "YDS-iOS" */;
			productName = YDS;
		};
/* End XCSwiftPackageProductDependency section */

/* Begin XCVersionGroup section */
		DE53D0AE23F8E9B100AEFCE2 /* FavoriteNotice.xcdatamodeld */ = {
			isa = XCVersionGroup;
			children = (
				DE53D0AF23F8E9B100AEFCE2 /* FavoriteNotice.xcdatamodel */,
			);
			currentVersion = DE53D0AF23F8E9B100AEFCE2 /* FavoriteNotice.xcdatamodel */;
			path = FavoriteNotice.xcdatamodeld;
			sourceTree = "<group>";
			versionGroupType = wrapper.xcdatamodel;
		};
/* End XCVersionGroup section */
	};
	rootObject = DE29612A23703F4C0074F24B /* Project object */;
}
