// !$*UTF8*$!
{
	archiveVersion = 1;
	classes = {
	};
	objectVersion = 51;
	objects = {

/* Begin PBXBuildFile section */
		DE03E9CF2379B05D002AA5AE /* NoticeBusiness.swift in Sources */ = {isa = PBXBuildFile; fileRef = DE03E9CE2379B05D002AA5AE /* NoticeBusiness.swift */; };
		DE0F8F1823739C8A006A0B49 /* NoticeAttachmentCell.swift in Sources */ = {isa = PBXBuildFile; fileRef = DE0F8F1723739C8A006A0B49 /* NoticeAttachmentCell.swift */; };
		DE0F8F1A2373A222006A0B49 /* BaseViewController.swift in Sources */ = {isa = PBXBuildFile; fileRef = DE0F8F192373A222006A0B49 /* BaseViewController.swift */; };
		DE0F8F1D2373F346006A0B49 /* HomeCell.swift in Sources */ = {isa = PBXBuildFile; fileRef = DE0F8F1C2373F346006A0B49 /* HomeCell.swift */; };
		DE0F8F1F2373F44C006A0B49 /* HomeViewController.swift in Sources */ = {isa = PBXBuildFile; fileRef = DE0F8F1E2373F44C006A0B49 /* HomeViewController.swift */; };
		DE0F8F212373FDD7006A0B49 /* NoticeEngineering.swift in Sources */ = {isa = PBXBuildFile; fileRef = DE0F8F202373FDD7006A0B49 /* NoticeEngineering.swift */; };
		DE0F8F2323740041006A0B49 /* NoticeLaw.swift in Sources */ = {isa = PBXBuildFile; fileRef = DE0F8F2223740041006A0B49 /* NoticeLaw.swift */; };
		DE29613623703F4C0074F24B /* AppDelegate.swift in Sources */ = {isa = PBXBuildFile; fileRef = DE29613523703F4C0074F24B /* AppDelegate.swift */; };
		DE29613D23703F4C0074F24B /* Main.storyboard in Resources */ = {isa = PBXBuildFile; fileRef = DE29613B23703F4C0074F24B /* Main.storyboard */; };
		DE29613F23703F4D0074F24B /* Assets.xcassets in Resources */ = {isa = PBXBuildFile; fileRef = DE29613E23703F4D0074F24B /* Assets.xcassets */; };
		DE29614B2370FC720074F24B /* NoticeListViewController.swift in Sources */ = {isa = PBXBuildFile; fileRef = DE29614A2370FC720074F24B /* NoticeListViewController.swift */; };
		DE29614D2370FCB20074F24B /* NoticeListPresenter.swift in Sources */ = {isa = PBXBuildFile; fileRef = DE29614C2370FCB20074F24B /* NoticeListPresenter.swift */; };
		DE29614F2370FCD20074F24B /* NoticeListContract.swift in Sources */ = {isa = PBXBuildFile; fileRef = DE29614E2370FCD20074F24B /* NoticeListContract.swift */; };
		DE2961512370FD0A0074F24B /* NoticeListViewCell.swift in Sources */ = {isa = PBXBuildFile; fileRef = DE2961502370FD0A0074F24B /* NoticeListViewCell.swift */; };
		DE2961532370FF4E0074F24B /* Notice.swift in Sources */ = {isa = PBXBuildFile; fileRef = DE2961522370FF4E0074F24B /* Notice.swift */; };
		DE296155237195CD0074F24B /* ConfigSetting.swift in Sources */ = {isa = PBXBuildFile; fileRef = DE296154237195CD0074F24B /* ConfigSetting.swift */; };
		DE296157237198070074F24B /* NoticeIT.swift in Sources */ = {isa = PBXBuildFile; fileRef = DE296156237198070074F24B /* NoticeIT.swift */; };
		DE2961592371ADEE0074F24B /* NoticeDetailViewController.swift in Sources */ = {isa = PBXBuildFile; fileRef = DE2961582371ADEE0074F24B /* NoticeDetailViewController.swift */; };
		DE29615B237289D60074F24B /* NoticeDetailContract.swift in Sources */ = {isa = PBXBuildFile; fileRef = DE29615A237289D60074F24B /* NoticeDetailContract.swift */; };
		DE29615E23728A330074F24B /* NoticeDetailPresenter.swift in Sources */ = {isa = PBXBuildFile; fileRef = DE29615D23728A330074F24B /* NoticeDetailPresenter.swift */; };
		DE501C472374FC9D0053055A /* NoticeInmun.swift in Sources */ = {isa = PBXBuildFile; fileRef = DE501C462374FC9D0053055A /* NoticeInmun.swift */; };
		DE501C492374FD250053055A /* NoticeURL.swift in Sources */ = {isa = PBXBuildFile; fileRef = DE501C482374FD250053055A /* NoticeURL.swift */; };
		DE501C4B23750DCB0053055A /* notissu_anim.json in Resources */ = {isa = PBXBuildFile; fileRef = DE501C4A23750DCA0053055A /* notissu_anim.json */; };
		DE5542402377CC31004E01EB /* NoticeNaturalScience.swift in Sources */ = {isa = PBXBuildFile; fileRef = DE55423F2377CC31004E01EB /* NoticeNaturalScience.swift */; };
		DE5542422377D993004E01EB /* StartViewController.swift in Sources */ = {isa = PBXBuildFile; fileRef = DE5542412377D993004E01EB /* StartViewController.swift */; };
		DE5542442377E076004E01EB /* HomeSwticher.swift in Sources */ = {isa = PBXBuildFile; fileRef = DE5542432377E076004E01EB /* HomeSwticher.swift */; };
		DE55424623784879004E01EB /* SplashViewController.swift in Sources */ = {isa = PBXBuildFile; fileRef = DE55424523784879004E01EB /* SplashViewController.swift */; };
		DE55424B2379340A004E01EB /* MoreViewController.swift in Sources */ = {isa = PBXBuildFile; fileRef = DE55424A2379340A004E01EB /* MoreViewController.swift */; };
		DE72017B237A76DE00F60CEB /* NoticeConvergence.swift in Sources */ = {isa = PBXBuildFile; fileRef = DE72017A237A76DE00F60CEB /* NoticeConvergence.swift */; };
		DE72017F237A871B00F60CEB /* Launch Screen.storyboard in Resources */ = {isa = PBXBuildFile; fileRef = DE72017E237A871B00F60CEB /* Launch Screen.storyboard */; };
		DE8C73842379BB2E008F2FE1 /* NoticeEconomy.swift in Sources */ = {isa = PBXBuildFile; fileRef = DE8C73832379BB2E008F2FE1 /* NoticeEconomy.swift */; };
		DE8C73862379BDF6008F2FE1 /* NoticeSocial.swift in Sources */ = {isa = PBXBuildFile; fileRef = DE8C73852379BDF6008F2FE1 /* NoticeSocial.swift */; };
		DEBB714E23744AC700C38812 /* Pods_SoongsilNotice.framework in Frameworks */ = {isa = PBXBuildFile; fileRef = 57296D4BD235F1B361E7E590 /* Pods_SoongsilNotice.framework */; };
		DEBB715123744AC800C38812 /* WebKit.framework in Frameworks */ = {isa = PBXBuildFile; fileRef = DEBB714C23744AC400C38812 /* WebKit.framework */; };
		DEBFDC43237E31A3003888D9 /* MoreTableCell.swift in Sources */ = {isa = PBXBuildFile; fileRef = DEBFDC42237E31A3003888D9 /* MoreTableCell.swift */; };
		DEBFDC45237E391C003888D9 /* OpenSourceViewController.swift in Sources */ = {isa = PBXBuildFile; fileRef = DEBFDC44237E391C003888D9 /* OpenSourceViewController.swift */; };
		DEBFDC47237E3950003888D9 /* OpenSourceTableViewCell.swift in Sources */ = {isa = PBXBuildFile; fileRef = DEBFDC46237E3950003888D9 /* OpenSourceTableViewCell.swift */; };
		DEF56D7523837778003CA0F0 /* SearchViewController.swift in Sources */ = {isa = PBXBuildFile; fileRef = DEF56D7423837778003CA0F0 /* SearchViewController.swift */; };
/* End PBXBuildFile section */

/* Begin PBXFileReference section */
		10D362999ACAF386EBEE89E5 /* Pods-SoongsilNotice.debug.xcconfig */ = {isa = PBXFileReference; includeInIndex = 1; lastKnownFileType = text.xcconfig; name = "Pods-SoongsilNotice.debug.xcconfig"; path = "Target Support Files/Pods-SoongsilNotice/Pods-SoongsilNotice.debug.xcconfig"; sourceTree = "<group>"; };
		5109B6F37C7101EEB67D7049 /* Pods-SoongsilNotice.release.xcconfig */ = {isa = PBXFileReference; includeInIndex = 1; lastKnownFileType = text.xcconfig; name = "Pods-SoongsilNotice.release.xcconfig"; path = "Target Support Files/Pods-SoongsilNotice/Pods-SoongsilNotice.release.xcconfig"; sourceTree = "<group>"; };
		57296D4BD235F1B361E7E590 /* Pods_SoongsilNotice.framework */ = {isa = PBXFileReference; explicitFileType = wrapper.framework; includeInIndex = 0; path = Pods_SoongsilNotice.framework; sourceTree = BUILT_PRODUCTS_DIR; };
		DE03E9CE2379B05D002AA5AE /* NoticeBusiness.swift */ = {isa = PBXFileReference; lastKnownFileType = sourcecode.swift; path = NoticeBusiness.swift; sourceTree = "<group>"; };
		DE0F8F1723739C8A006A0B49 /* NoticeAttachmentCell.swift */ = {isa = PBXFileReference; lastKnownFileType = sourcecode.swift; path = NoticeAttachmentCell.swift; sourceTree = "<group>"; };
		DE0F8F192373A222006A0B49 /* BaseViewController.swift */ = {isa = PBXFileReference; lastKnownFileType = sourcecode.swift; path = BaseViewController.swift; sourceTree = "<group>"; };
		DE0F8F1C2373F346006A0B49 /* HomeCell.swift */ = {isa = PBXFileReference; lastKnownFileType = sourcecode.swift; path = HomeCell.swift; sourceTree = "<group>"; };
		DE0F8F1E2373F44C006A0B49 /* HomeViewController.swift */ = {isa = PBXFileReference; lastKnownFileType = sourcecode.swift; path = HomeViewController.swift; sourceTree = "<group>"; };
		DE0F8F202373FDD7006A0B49 /* NoticeEngineering.swift */ = {isa = PBXFileReference; lastKnownFileType = sourcecode.swift; path = NoticeEngineering.swift; sourceTree = "<group>"; };
		DE0F8F2223740041006A0B49 /* NoticeLaw.swift */ = {isa = PBXFileReference; lastKnownFileType = sourcecode.swift; path = NoticeLaw.swift; sourceTree = "<group>"; };
		DE29613223703F4C0074F24B /* Notissu.app */ = {isa = PBXFileReference; explicitFileType = wrapper.application; includeInIndex = 0; path = Notissu.app; sourceTree = BUILT_PRODUCTS_DIR; };
		DE29613523703F4C0074F24B /* AppDelegate.swift */ = {isa = PBXFileReference; lastKnownFileType = sourcecode.swift; path = AppDelegate.swift; sourceTree = "<group>"; };
		DE29613C23703F4C0074F24B /* Base */ = {isa = PBXFileReference; lastKnownFileType = file.storyboard; name = Base; path = Base.lproj/Main.storyboard; sourceTree = "<group>"; };
		DE29613E23703F4D0074F24B /* Assets.xcassets */ = {isa = PBXFileReference; lastKnownFileType = folder.assetcatalog; path = Assets.xcassets; sourceTree = "<group>"; };
		DE29614323703F4D0074F24B /* Info.plist */ = {isa = PBXFileReference; lastKnownFileType = text.plist.xml; path = Info.plist; sourceTree = "<group>"; };
		DE29614A2370FC720074F24B /* NoticeListViewController.swift */ = {isa = PBXFileReference; lastKnownFileType = sourcecode.swift; path = NoticeListViewController.swift; sourceTree = "<group>"; };
		DE29614C2370FCB20074F24B /* NoticeListPresenter.swift */ = {isa = PBXFileReference; lastKnownFileType = sourcecode.swift; path = NoticeListPresenter.swift; sourceTree = "<group>"; };
		DE29614E2370FCD20074F24B /* NoticeListContract.swift */ = {isa = PBXFileReference; lastKnownFileType = sourcecode.swift; path = NoticeListContract.swift; sourceTree = "<group>"; };
		DE2961502370FD0A0074F24B /* NoticeListViewCell.swift */ = {isa = PBXFileReference; lastKnownFileType = sourcecode.swift; path = NoticeListViewCell.swift; sourceTree = "<group>"; };
		DE2961522370FF4E0074F24B /* Notice.swift */ = {isa = PBXFileReference; lastKnownFileType = sourcecode.swift; path = Notice.swift; sourceTree = "<group>"; };
		DE296154237195CD0074F24B /* ConfigSetting.swift */ = {isa = PBXFileReference; lastKnownFileType = sourcecode.swift; path = ConfigSetting.swift; sourceTree = "<group>"; };
		DE296156237198070074F24B /* NoticeIT.swift */ = {isa = PBXFileReference; lastKnownFileType = sourcecode.swift; path = NoticeIT.swift; sourceTree = "<group>"; };
		DE2961582371ADEE0074F24B /* NoticeDetailViewController.swift */ = {isa = PBXFileReference; lastKnownFileType = sourcecode.swift; path = NoticeDetailViewController.swift; sourceTree = "<group>"; };
		DE29615A237289D60074F24B /* NoticeDetailContract.swift */ = {isa = PBXFileReference; lastKnownFileType = sourcecode.swift; path = NoticeDetailContract.swift; sourceTree = "<group>"; };
		DE29615D23728A330074F24B /* NoticeDetailPresenter.swift */ = {isa = PBXFileReference; lastKnownFileType = sourcecode.swift; path = NoticeDetailPresenter.swift; sourceTree = "<group>"; };
		DE501C462374FC9D0053055A /* NoticeInmun.swift */ = {isa = PBXFileReference; lastKnownFileType = sourcecode.swift; path = NoticeInmun.swift; sourceTree = "<group>"; };
		DE501C482374FD250053055A /* NoticeURL.swift */ = {isa = PBXFileReference; lastKnownFileType = sourcecode.swift; path = NoticeURL.swift; sourceTree = "<group>"; };
		DE501C4A23750DCA0053055A /* notissu_anim.json */ = {isa = PBXFileReference; fileEncoding = 4; lastKnownFileType = text.json; path = notissu_anim.json; sourceTree = SOURCE_ROOT; };
		DE55423F2377CC31004E01EB /* NoticeNaturalScience.swift */ = {isa = PBXFileReference; lastKnownFileType = sourcecode.swift; path = NoticeNaturalScience.swift; sourceTree = "<group>"; };
		DE5542412377D993004E01EB /* StartViewController.swift */ = {isa = PBXFileReference; lastKnownFileType = sourcecode.swift; path = StartViewController.swift; sourceTree = "<group>"; };
		DE5542432377E076004E01EB /* HomeSwticher.swift */ = {isa = PBXFileReference; lastKnownFileType = sourcecode.swift; path = HomeSwticher.swift; sourceTree = "<group>"; };
		DE55424523784879004E01EB /* SplashViewController.swift */ = {isa = PBXFileReference; lastKnownFileType = sourcecode.swift; path = SplashViewController.swift; sourceTree = "<group>"; };
		DE55424A2379340A004E01EB /* MoreViewController.swift */ = {isa = PBXFileReference; lastKnownFileType = sourcecode.swift; path = MoreViewController.swift; sourceTree = "<group>"; };
		DE72017A237A76DE00F60CEB /* NoticeConvergence.swift */ = {isa = PBXFileReference; lastKnownFileType = sourcecode.swift; path = NoticeConvergence.swift; sourceTree = "<group>"; };
		DE72017E237A871B00F60CEB /* Launch Screen.storyboard */ = {isa = PBXFileReference; lastKnownFileType = file.storyboard; path = "Launch Screen.storyboard"; sourceTree = "<group>"; };
		DE8C73832379BB2E008F2FE1 /* NoticeEconomy.swift */ = {isa = PBXFileReference; lastKnownFileType = sourcecode.swift; path = NoticeEconomy.swift; sourceTree = "<group>"; };
		DE8C73852379BDF6008F2FE1 /* NoticeSocial.swift */ = {isa = PBXFileReference; lastKnownFileType = sourcecode.swift; path = NoticeSocial.swift; sourceTree = "<group>"; };
		DEBB714C23744AC400C38812 /* WebKit.framework */ = {isa = PBXFileReference; lastKnownFileType = wrapper.framework; name = WebKit.framework; path = System/Library/Frameworks/WebKit.framework; sourceTree = SDKROOT; };
		DEBFDC42237E31A3003888D9 /* MoreTableCell.swift */ = {isa = PBXFileReference; lastKnownFileType = sourcecode.swift; path = MoreTableCell.swift; sourceTree = "<group>"; };
		DEBFDC44237E391C003888D9 /* OpenSourceViewController.swift */ = {isa = PBXFileReference; lastKnownFileType = sourcecode.swift; path = OpenSourceViewController.swift; sourceTree = "<group>"; };
		DEBFDC46237E3950003888D9 /* OpenSourceTableViewCell.swift */ = {isa = PBXFileReference; lastKnownFileType = sourcecode.swift; path = OpenSourceTableViewCell.swift; sourceTree = "<group>"; };
		DEF56D7423837778003CA0F0 /* SearchViewController.swift */ = {isa = PBXFileReference; lastKnownFileType = sourcecode.swift; path = SearchViewController.swift; sourceTree = "<group>"; };
/* End PBXFileReference section */

/* Begin PBXFrameworksBuildPhase section */
		DE29612F23703F4C0074F24B /* Frameworks */ = {
			isa = PBXFrameworksBuildPhase;
			buildActionMask = 2147483647;
			files = (
				DEBB715123744AC800C38812 /* WebKit.framework in Frameworks */,
				DEBB714E23744AC700C38812 /* Pods_SoongsilNotice.framework in Frameworks */,
			);
			runOnlyForDeploymentPostprocessing = 0;
		};
/* End PBXFrameworksBuildPhase section */

/* Begin PBXGroup section */
		8C7A827DD516122B5FDBC531 /* Pods */ = {
			isa = PBXGroup;
			children = (
				10D362999ACAF386EBEE89E5 /* Pods-SoongsilNotice.debug.xcconfig */,
				5109B6F37C7101EEB67D7049 /* Pods-SoongsilNotice.release.xcconfig */,
			);
			path = Pods;
			sourceTree = "<group>";
		};
		DD6CE84CCC08ADFCA011F42A /* Frameworks */ = {
			isa = PBXGroup;
			children = (
				DEBB714C23744AC400C38812 /* WebKit.framework */,
				57296D4BD235F1B361E7E590 /* Pods_SoongsilNotice.framework */,
			);
			name = Frameworks;
			sourceTree = "<group>";
		};
		DE03E9D02379B063002AA5AE /* NoticeParser */ = {
			isa = PBXGroup;
			children = (
				DE296156237198070074F24B /* NoticeIT.swift */,
				DE0F8F202373FDD7006A0B49 /* NoticeEngineering.swift */,
				DE0F8F2223740041006A0B49 /* NoticeLaw.swift */,
				DE501C462374FC9D0053055A /* NoticeInmun.swift */,
				DE55423F2377CC31004E01EB /* NoticeNaturalScience.swift */,
				DE03E9CE2379B05D002AA5AE /* NoticeBusiness.swift */,
				DE8C73832379BB2E008F2FE1 /* NoticeEconomy.swift */,
				DE8C73852379BDF6008F2FE1 /* NoticeSocial.swift */,
				DE72017A237A76DE00F60CEB /* NoticeConvergence.swift */,
			);
			path = NoticeParser;
			sourceTree = "<group>";
		};
		DE0F8F1B2373F333006A0B49 /* Home */ = {
			isa = PBXGroup;
			children = (
				DE0F8F1C2373F346006A0B49 /* HomeCell.swift */,
				DE0F8F1E2373F44C006A0B49 /* HomeViewController.swift */,
				DE5542412377D993004E01EB /* StartViewController.swift */,
				DE55424523784879004E01EB /* SplashViewController.swift */,
			);
			path = Home;
			sourceTree = "<group>";
		};
		DE29612923703F4C0074F24B = {
			isa = PBXGroup;
			children = (
				DE29613423703F4C0074F24B /* SoongsilNotice */,
				DE29613323703F4C0074F24B /* Products */,
				8C7A827DD516122B5FDBC531 /* Pods */,
				DD6CE84CCC08ADFCA011F42A /* Frameworks */,
			);
			sourceTree = "<group>";
		};
		DE29613323703F4C0074F24B /* Products */ = {
			isa = PBXGroup;
			children = (
				DE29613223703F4C0074F24B /* Notissu.app */,
			);
			name = Products;
			sourceTree = "<group>";
		};
		DE29613423703F4C0074F24B /* SoongsilNotice */ = {
			isa = PBXGroup;
			children = (
				DEF56D732383775D003CA0F0 /* Search */,
				DE03E9D02379B063002AA5AE /* NoticeParser */,
				DE501C4A23750DCA0053055A /* notissu_anim.json */,
				DE0F8F1B2373F333006A0B49 /* Home */,
				DE554249237933FA004E01EB /* More */,
				DE29615C237289FB0074F24B /* NoticeDetail */,
				DE2961492370FC620074F24B /* NoticeList */,
				DE29613523703F4C0074F24B /* AppDelegate.swift */,
				DE29613B23703F4C0074F24B /* Main.storyboard */,
				DE29613E23703F4D0074F24B /* Assets.xcassets */,
				DE29614323703F4D0074F24B /* Info.plist */,
				DE296154237195CD0074F24B /* ConfigSetting.swift */,
				DE0F8F192373A222006A0B49 /* BaseViewController.swift */,
				DE501C482374FD250053055A /* NoticeURL.swift */,
				DE5542432377E076004E01EB /* HomeSwticher.swift */,
				DE72017E237A871B00F60CEB /* Launch Screen.storyboard */,
			);
			path = SoongsilNotice;
			sourceTree = "<group>";
		};
		DE2961492370FC620074F24B /* NoticeList */ = {
			isa = PBXGroup;
			children = (
				DE29614A2370FC720074F24B /* NoticeListViewController.swift */,
				DE29614C2370FCB20074F24B /* NoticeListPresenter.swift */,
				DE29614E2370FCD20074F24B /* NoticeListContract.swift */,
				DE2961502370FD0A0074F24B /* NoticeListViewCell.swift */,
				DE2961522370FF4E0074F24B /* Notice.swift */,
			);
			path = NoticeList;
			sourceTree = "<group>";
		};
		DE29615C237289FB0074F24B /* NoticeDetail */ = {
			isa = PBXGroup;
			children = (
				DE2961582371ADEE0074F24B /* NoticeDetailViewController.swift */,
				DE29615A237289D60074F24B /* NoticeDetailContract.swift */,
				DE29615D23728A330074F24B /* NoticeDetailPresenter.swift */,
				DE0F8F1723739C8A006A0B49 /* NoticeAttachmentCell.swift */,
			);
			path = NoticeDetail;
			sourceTree = "<group>";
		};
		DE554249237933FA004E01EB /* More */ = {
			isa = PBXGroup;
			children = (
				DE55424A2379340A004E01EB /* MoreViewController.swift */,
				DEBFDC42237E31A3003888D9 /* MoreTableCell.swift */,
				DEBFDC44237E391C003888D9 /* OpenSourceViewController.swift */,
				DEBFDC46237E3950003888D9 /* OpenSourceTableViewCell.swift */,
			);
			path = More;
			sourceTree = "<group>";
		};
		DEF56D732383775D003CA0F0 /* Search */ = {
			isa = PBXGroup;
			children = (
				DEF56D7423837778003CA0F0 /* SearchViewController.swift */,
			);
			path = Search;
			sourceTree = "<group>";
		};
/* End PBXGroup section */

/* Begin PBXNativeTarget section */
		DE29613123703F4C0074F24B /* SoongsilNotice */ = {
			isa = PBXNativeTarget;
			buildConfigurationList = DE29614623703F4D0074F24B /* Build configuration list for PBXNativeTarget "SoongsilNotice" */;
			buildPhases = (
				FCA9B00B7ADBB5D66CBF4823 /* [CP] Check Pods Manifest.lock */,
				DE29612E23703F4C0074F24B /* Sources */,
				DE29612F23703F4C0074F24B /* Frameworks */,
				DE29613023703F4C0074F24B /* Resources */,
				863FA639D8CB8D787EBADFD5 /* [CP] Embed Pods Frameworks */,
			);
			buildRules = (
			);
			dependencies = (
			);
			name = SoongsilNotice;
			productName = SoongsilNotice;
			productReference = DE29613223703F4C0074F24B /* Notissu.app */;
			productType = "com.apple.product-type.application";
		};
/* End PBXNativeTarget section */

/* Begin PBXProject section */
		DE29612A23703F4C0074F24B /* Project object */ = {
			isa = PBXProject;
			attributes = {
				LastSwiftUpdateCheck = 1120;
				LastUpgradeCheck = 1120;
				ORGANIZATIONNAME = TaeinKim;
				TargetAttributes = {
					DE29613123703F4C0074F24B = {
						CreatedOnToolsVersion = 11.2;
					};
				};
			};
			buildConfigurationList = DE29612D23703F4C0074F24B /* Build configuration list for PBXProject "SoongsilNotice" */;
			compatibilityVersion = "Xcode 9.3";
			developmentRegion = en;
			hasScannedForEncodings = 0;
			knownRegions = (
				en,
				Base,
			);
			mainGroup = DE29612923703F4C0074F24B;
			productRefGroup = DE29613323703F4C0074F24B /* Products */;
			projectDirPath = "";
			projectRoot = "";
			targets = (
				DE29613123703F4C0074F24B /* SoongsilNotice */,
			);
		};
/* End PBXProject section */

/* Begin PBXResourcesBuildPhase section */
		DE29613023703F4C0074F24B /* Resources */ = {
			isa = PBXResourcesBuildPhase;
			buildActionMask = 2147483647;
			files = (
				DE29613F23703F4D0074F24B /* Assets.xcassets in Resources */,
				DE501C4B23750DCB0053055A /* notissu_anim.json in Resources */,
				DE72017F237A871B00F60CEB /* Launch Screen.storyboard in Resources */,
				DE29613D23703F4C0074F24B /* Main.storyboard in Resources */,
			);
			runOnlyForDeploymentPostprocessing = 0;
		};
/* End PBXResourcesBuildPhase section */

/* Begin PBXShellScriptBuildPhase section */
		863FA639D8CB8D787EBADFD5 /* [CP] Embed Pods Frameworks */ = {
			isa = PBXShellScriptBuildPhase;
			buildActionMask = 2147483647;
			files = (
			);
			inputFileListPaths = (
				"${PODS_ROOT}/Target Support Files/Pods-SoongsilNotice/Pods-SoongsilNotice-frameworks-${CONFIGURATION}-input-files.xcfilelist",
			);
			name = "[CP] Embed Pods Frameworks";
			outputFileListPaths = (
				"${PODS_ROOT}/Target Support Files/Pods-SoongsilNotice/Pods-SoongsilNotice-frameworks-${CONFIGURATION}-output-files.xcfilelist",
			);
			runOnlyForDeploymentPostprocessing = 0;
			shellPath = /bin/sh;
			shellScript = "\"${PODS_ROOT}/Target Support Files/Pods-SoongsilNotice/Pods-SoongsilNotice-frameworks.sh\"\n";
			showEnvVarsInLog = 0;
		};
		FCA9B00B7ADBB5D66CBF4823 /* [CP] Check Pods Manifest.lock */ = {
			isa = PBXShellScriptBuildPhase;
			buildActionMask = 2147483647;
			files = (
			);
			inputFileListPaths = (
			);
			inputPaths = (
				"${PODS_PODFILE_DIR_PATH}/Podfile.lock",
				"${PODS_ROOT}/Manifest.lock",
			);
			name = "[CP] Check Pods Manifest.lock";
			outputFileListPaths = (
			);
			outputPaths = (
				"$(DERIVED_FILE_DIR)/Pods-SoongsilNotice-checkManifestLockResult.txt",
			);
			runOnlyForDeploymentPostprocessing = 0;
			shellPath = /bin/sh;
			shellScript = "diff \"${PODS_PODFILE_DIR_PATH}/Podfile.lock\" \"${PODS_ROOT}/Manifest.lock\" > /dev/null\nif [ $? != 0 ] ; then\n    # print error to STDERR\n    echo \"error: The sandbox is not in sync with the Podfile.lock. Run 'pod install' or update your CocoaPods installation.\" >&2\n    exit 1\nfi\n# This output is used by Xcode 'outputs' to avoid re-running this script phase.\necho \"SUCCESS\" > \"${SCRIPT_OUTPUT_FILE_0}\"\n";
			showEnvVarsInLog = 0;
		};
/* End PBXShellScriptBuildPhase section */

/* Begin PBXSourcesBuildPhase section */
		DE29612E23703F4C0074F24B /* Sources */ = {
			isa = PBXSourcesBuildPhase;
			buildActionMask = 2147483647;
			files = (
				DE8C73862379BDF6008F2FE1 /* NoticeSocial.swift in Sources */,
				DEBFDC43237E31A3003888D9 /* MoreTableCell.swift in Sources */,
				DE29613623703F4C0074F24B /* AppDelegate.swift in Sources */,
				DE29615B237289D60074F24B /* NoticeDetailContract.swift in Sources */,
				DE501C492374FD250053055A /* NoticeURL.swift in Sources */,
				DEBFDC45237E391C003888D9 /* OpenSourceViewController.swift in Sources */,
				DE5542442377E076004E01EB /* HomeSwticher.swift in Sources */,
				DE296155237195CD0074F24B /* ConfigSetting.swift in Sources */,
				DE55424623784879004E01EB /* SplashViewController.swift in Sources */,
				DE29614F2370FCD20074F24B /* NoticeListContract.swift in Sources */,
				DEF56D7523837778003CA0F0 /* SearchViewController.swift in Sources */,
				DE0F8F1A2373A222006A0B49 /* BaseViewController.swift in Sources */,
				DE0F8F2323740041006A0B49 /* NoticeLaw.swift in Sources */,
				DE0F8F1F2373F44C006A0B49 /* HomeViewController.swift in Sources */,
				DE03E9CF2379B05D002AA5AE /* NoticeBusiness.swift in Sources */,
				DE5542422377D993004E01EB /* StartViewController.swift in Sources */,
				DE2961592371ADEE0074F24B /* NoticeDetailViewController.swift in Sources */,
				DE2961532370FF4E0074F24B /* Notice.swift in Sources */,
				DE72017B237A76DE00F60CEB /* NoticeConvergence.swift in Sources */,
				DEBFDC47237E3950003888D9 /* OpenSourceTableViewCell.swift in Sources */,
				DE29614D2370FCB20074F24B /* NoticeListPresenter.swift in Sources */,
				DE0F8F1D2373F346006A0B49 /* HomeCell.swift in Sources */,
				DE2961512370FD0A0074F24B /* NoticeListViewCell.swift in Sources */,
				DE296157237198070074F24B /* NoticeIT.swift in Sources */,
				DE8C73842379BB2E008F2FE1 /* NoticeEconomy.swift in Sources */,
				DE501C472374FC9D0053055A /* NoticeInmun.swift in Sources */,
				DE0F8F1823739C8A006A0B49 /* NoticeAttachmentCell.swift in Sources */,
				DE5542402377CC31004E01EB /* NoticeNaturalScience.swift in Sources */,
				DE29614B2370FC720074F24B /* NoticeListViewController.swift in Sources */,
				DE55424B2379340A004E01EB /* MoreViewController.swift in Sources */,
				DE29615E23728A330074F24B /* NoticeDetailPresenter.swift in Sources */,
				DE0F8F212373FDD7006A0B49 /* NoticeEngineering.swift in Sources */,
			);
			runOnlyForDeploymentPostprocessing = 0;
		};
/* End PBXSourcesBuildPhase section */

/* Begin PBXVariantGroup section */
		DE29613B23703F4C0074F24B /* Main.storyboard */ = {
			isa = PBXVariantGroup;
			children = (
				DE29613C23703F4C0074F24B /* Base */,
			);
			name = Main.storyboard;
			sourceTree = "<group>";
		};
/* End PBXVariantGroup section */

/* Begin XCBuildConfiguration section */
		DE29614423703F4D0074F24B /* Debug */ = {
			isa = XCBuildConfiguration;
			buildSettings = {
				ALWAYS_SEARCH_USER_PATHS = NO;
				CLANG_ANALYZER_NONNULL = YES;
				CLANG_ANALYZER_NUMBER_OBJECT_CONVERSION = YES_AGGRESSIVE;
				CLANG_CXX_LANGUAGE_STANDARD = "gnu++14";
				CLANG_CXX_LIBRARY = "libc++";
				CLANG_ENABLE_MODULES = YES;
				CLANG_ENABLE_OBJC_ARC = YES;
				CLANG_ENABLE_OBJC_WEAK = YES;
				CLANG_WARN_BLOCK_CAPTURE_AUTORELEASING = YES;
				CLANG_WARN_BOOL_CONVERSION = YES;
				CLANG_WARN_COMMA = YES;
				CLANG_WARN_CONSTANT_CONVERSION = YES;
				CLANG_WARN_DEPRECATED_OBJC_IMPLEMENTATIONS = YES;
				CLANG_WARN_DIRECT_OBJC_ISA_USAGE = YES_ERROR;
				CLANG_WARN_DOCUMENTATION_COMMENTS = YES;
				CLANG_WARN_EMPTY_BODY = YES;
				CLANG_WARN_ENUM_CONVERSION = YES;
				CLANG_WARN_INFINITE_RECURSION = YES;
				CLANG_WARN_INT_CONVERSION = YES;
				CLANG_WARN_NON_LITERAL_NULL_CONVERSION = YES;
				CLANG_WARN_OBJC_IMPLICIT_RETAIN_SELF = YES;
				CLANG_WARN_OBJC_LITERAL_CONVERSION = YES;
				CLANG_WARN_OBJC_ROOT_CLASS = YES_ERROR;
				CLANG_WARN_RANGE_LOOP_ANALYSIS = YES;
				CLANG_WARN_STRICT_PROTOTYPES = YES;
				CLANG_WARN_SUSPICIOUS_MOVE = YES;
				CLANG_WARN_UNGUARDED_AVAILABILITY = YES_AGGRESSIVE;
				CLANG_WARN_UNREACHABLE_CODE = YES;
				CLANG_WARN__DUPLICATE_METHOD_MATCH = YES;
				COPY_PHASE_STRIP = NO;
				DEBUG_INFORMATION_FORMAT = dwarf;
				ENABLE_STRICT_OBJC_MSGSEND = YES;
				ENABLE_TESTABILITY = YES;
				GCC_C_LANGUAGE_STANDARD = gnu11;
				GCC_DYNAMIC_NO_PIC = NO;
				GCC_NO_COMMON_BLOCKS = YES;
				GCC_OPTIMIZATION_LEVEL = 0;
				GCC_PREPROCESSOR_DEFINITIONS = (
					"DEBUG=1",
					"$(inherited)",
				);
				GCC_WARN_64_TO_32_BIT_CONVERSION = YES;
				GCC_WARN_ABOUT_RETURN_TYPE = YES_ERROR;
				GCC_WARN_UNDECLARED_SELECTOR = YES;
				GCC_WARN_UNINITIALIZED_AUTOS = YES_AGGRESSIVE;
				GCC_WARN_UNUSED_FUNCTION = YES;
				GCC_WARN_UNUSED_VARIABLE = YES;
				IPHONEOS_DEPLOYMENT_TARGET = 11.0;
				MTL_ENABLE_DEBUG_INFO = INCLUDE_SOURCE;
				MTL_FAST_MATH = YES;
				ONLY_ACTIVE_ARCH = YES;
				SDKROOT = iphoneos;
				SWIFT_ACTIVE_COMPILATION_CONDITIONS = DEBUG;
				SWIFT_OPTIMIZATION_LEVEL = "-Onone";
			};
			name = Debug;
		};
		DE29614523703F4D0074F24B /* Release */ = {
			isa = XCBuildConfiguration;
			buildSettings = {
				ALWAYS_SEARCH_USER_PATHS = NO;
				CLANG_ANALYZER_NONNULL = YES;
				CLANG_ANALYZER_NUMBER_OBJECT_CONVERSION = YES_AGGRESSIVE;
				CLANG_CXX_LANGUAGE_STANDARD = "gnu++14";
				CLANG_CXX_LIBRARY = "libc++";
				CLANG_ENABLE_MODULES = YES;
				CLANG_ENABLE_OBJC_ARC = YES;
				CLANG_ENABLE_OBJC_WEAK = YES;
				CLANG_WARN_BLOCK_CAPTURE_AUTORELEASING = YES;
				CLANG_WARN_BOOL_CONVERSION = YES;
				CLANG_WARN_COMMA = YES;
				CLANG_WARN_CONSTANT_CONVERSION = YES;
				CLANG_WARN_DEPRECATED_OBJC_IMPLEMENTATIONS = YES;
				CLANG_WARN_DIRECT_OBJC_ISA_USAGE = YES_ERROR;
				CLANG_WARN_DOCUMENTATION_COMMENTS = YES;
				CLANG_WARN_EMPTY_BODY = YES;
				CLANG_WARN_ENUM_CONVERSION = YES;
				CLANG_WARN_INFINITE_RECURSION = YES;
				CLANG_WARN_INT_CONVERSION = YES;
				CLANG_WARN_NON_LITERAL_NULL_CONVERSION = YES;
				CLANG_WARN_OBJC_IMPLICIT_RETAIN_SELF = YES;
				CLANG_WARN_OBJC_LITERAL_CONVERSION = YES;
				CLANG_WARN_OBJC_ROOT_CLASS = YES_ERROR;
				CLANG_WARN_RANGE_LOOP_ANALYSIS = YES;
				CLANG_WARN_STRICT_PROTOTYPES = YES;
				CLANG_WARN_SUSPICIOUS_MOVE = YES;
				CLANG_WARN_UNGUARDED_AVAILABILITY = YES_AGGRESSIVE;
				CLANG_WARN_UNREACHABLE_CODE = YES;
				CLANG_WARN__DUPLICATE_METHOD_MATCH = YES;
				COPY_PHASE_STRIP = NO;
				DEBUG_INFORMATION_FORMAT = "dwarf-with-dsym";
				ENABLE_NS_ASSERTIONS = NO;
				ENABLE_STRICT_OBJC_MSGSEND = YES;
				GCC_C_LANGUAGE_STANDARD = gnu11;
				GCC_NO_COMMON_BLOCKS = YES;
				GCC_WARN_64_TO_32_BIT_CONVERSION = YES;
				GCC_WARN_ABOUT_RETURN_TYPE = YES_ERROR;
				GCC_WARN_UNDECLARED_SELECTOR = YES;
				GCC_WARN_UNINITIALIZED_AUTOS = YES_AGGRESSIVE;
				GCC_WARN_UNUSED_FUNCTION = YES;
				GCC_WARN_UNUSED_VARIABLE = YES;
				IPHONEOS_DEPLOYMENT_TARGET = 11.0;
				MTL_ENABLE_DEBUG_INFO = NO;
				MTL_FAST_MATH = YES;
				SDKROOT = iphoneos;
				SWIFT_COMPILATION_MODE = wholemodule;
				SWIFT_OPTIMIZATION_LEVEL = "-O";
				VALIDATE_PRODUCT = YES;
			};
			name = Release;
		};
		DE29614723703F4D0074F24B /* Debug */ = {
			isa = XCBuildConfiguration;
			baseConfigurationReference = 10D362999ACAF386EBEE89E5 /* Pods-SoongsilNotice.debug.xcconfig */;
			buildSettings = {
				ASSETCATALOG_COMPILER_APPICON_NAME = AppIcon;
				CODE_SIGN_STYLE = Automatic;
				CURRENT_PROJECT_VERSION = 2;
				DEVELOPMENT_TEAM = M79H9K226Y;
				INFOPLIST_FILE = SoongsilNotice/Info.plist;
				LD_RUNPATH_SEARCH_PATHS = (
					"$(inherited)",
					"@executable_path/Frameworks",
				);
				MARKETING_VERSION = 1.0.1;
				PRODUCT_BUNDLE_IDENTIFIER = "com.elliott.notissu-ios";
				PRODUCT_NAME = Notissu;
				SWIFT_VERSION = 5.0;
				TARGETED_DEVICE_FAMILY = 1;
			};
			name = Debug;
		};
		DE29614823703F4D0074F24B /* Release */ = {
			isa = XCBuildConfiguration;
			baseConfigurationReference = 5109B6F37C7101EEB67D7049 /* Pods-SoongsilNotice.release.xcconfig */;
			buildSettings = {
				ASSETCATALOG_COMPILER_APPICON_NAME = AppIcon;
				CODE_SIGN_STYLE = Automatic;
				CURRENT_PROJECT_VERSION = 2;
				DEVELOPMENT_TEAM = M79H9K226Y;
				INFOPLIST_FILE = SoongsilNotice/Info.plist;
				LD_RUNPATH_SEARCH_PATHS = (
					"$(inherited)",
					"@executable_path/Frameworks",
				);
				MARKETING_VERSION = 1.0.1;
				PRODUCT_BUNDLE_IDENTIFIER = "com.elliott.notissu-ios";
				PRODUCT_NAME = Notissu;
				SWIFT_VERSION = 5.0;
				TARGETED_DEVICE_FAMILY = 1;
			};
			name = Release;
		};
/* End XCBuildConfiguration section */

/* Begin XCConfigurationList section */
		DE29612D23703F4C0074F24B /* Build configuration list for PBXProject "SoongsilNotice" */ = {
			isa = XCConfigurationList;
			buildConfigurations = (
				DE29614423703F4D0074F24B /* Debug */,
				DE29614523703F4D0074F24B /* Release */,
			);
			defaultConfigurationIsVisible = 0;
			defaultConfigurationName = Release;
		};
		DE29614623703F4D0074F24B /* Build configuration list for PBXNativeTarget "SoongsilNotice" */ = {
			isa = XCConfigurationList;
			buildConfigurations = (
				DE29614723703F4D0074F24B /* Debug */,
				DE29614823703F4D0074F24B /* Release */,
			);
			defaultConfigurationIsVisible = 0;
			defaultConfigurationName = Release;
		};
/* End XCConfigurationList section */
	};
	rootObject = DE29612A23703F4C0074F24B /* Project object */;
}
